// !$*UTF8*$!
{
	archiveVersion = 1;
	classes = {
	};
	objectVersion = 50;
	objects = {

/* Begin PBXBuildFile section */
		1E40E04A911FEB31C532EEA9 /* Pods_Corgi_AppTests.framework in Frameworks */ = {isa = PBXBuildFile; fileRef = 9D334923335C86B06F3DD9CC /* Pods_Corgi_AppTests.framework */; };
		6591B55A95B7399A6C4A984F /* Pods_Corgi_AppUITests.framework in Frameworks */ = {isa = PBXBuildFile; fileRef = 66328503F6127B936041E43A /* Pods_Corgi_AppUITests.framework */; };
		C102667E2135AAB600D72FA9 /* LogInMenuViewController.swift in Sources */ = {isa = PBXBuildFile; fileRef = C102667D2135AAB600D72FA9 /* LogInMenuViewController.swift */; };
		C10266802135AB1300D72FA9 /* Menu.swift in Sources */ = {isa = PBXBuildFile; fileRef = C102667F2135AB1300D72FA9 /* Menu.swift */; };
		C115A30021353101009A10C7 /* AppDelegate.swift in Sources */ = {isa = PBXBuildFile; fileRef = C115A2FF21353101009A10C7 /* AppDelegate.swift */; };
		C115A30221353101009A10C7 /* FirstLaunchController.swift in Sources */ = {isa = PBXBuildFile; fileRef = C115A30121353101009A10C7 /* FirstLaunchController.swift */; };
		C115A30521353101009A10C7 /* Main.storyboard in Resources */ = {isa = PBXBuildFile; fileRef = C115A30321353101009A10C7 /* Main.storyboard */; };
		C115A30721353103009A10C7 /* Assets.xcassets in Resources */ = {isa = PBXBuildFile; fileRef = C115A30621353103009A10C7 /* Assets.xcassets */; };
		C115A30A21353103009A10C7 /* LaunchScreen.storyboard in Resources */ = {isa = PBXBuildFile; fileRef = C115A30821353103009A10C7 /* LaunchScreen.storyboard */; };
		C115A31521353103009A10C7 /* Corgi_AppTests.swift in Sources */ = {isa = PBXBuildFile; fileRef = C115A31421353103009A10C7 /* Corgi_AppTests.swift */; };
		C115A32021353103009A10C7 /* Corgi_AppUITests.swift in Sources */ = {isa = PBXBuildFile; fileRef = C115A31F21353103009A10C7 /* Corgi_AppUITests.swift */; };
		C11CAE952141664D005744F0 /* SF-Pro-Display-Black.otf in Resources */ = {isa = PBXBuildFile; fileRef = C11CAE7821416648005744F0 /* SF-Pro-Display-Black.otf */; };
		C11CAE962141664D005744F0 /* SF-Pro-Text-Semibold.otf in Resources */ = {isa = PBXBuildFile; fileRef = C11CAE7921416648005744F0 /* SF-Pro-Text-Semibold.otf */; };
		C11CAE972141664D005744F0 /* SF-Pro-Text-MediumItalic.otf in Resources */ = {isa = PBXBuildFile; fileRef = C11CAE7A21416648005744F0 /* SF-Pro-Text-MediumItalic.otf */; };
		C11CAE982141664D005744F0 /* SF-Pro-Text-Bold.otf in Resources */ = {isa = PBXBuildFile; fileRef = C11CAE7B21416649005744F0 /* SF-Pro-Text-Bold.otf */; };
		C11CAE992141664D005744F0 /* SF-Pro-Text-HeavyItalic.otf in Resources */ = {isa = PBXBuildFile; fileRef = C11CAE7C21416649005744F0 /* SF-Pro-Text-HeavyItalic.otf */; };
		C11CAE9A2141664D005744F0 /* SF-Pro-Display-Bold.otf in Resources */ = {isa = PBXBuildFile; fileRef = C11CAE7D21416649005744F0 /* SF-Pro-Display-Bold.otf */; };
		C11CAE9B2141664D005744F0 /* SF-Pro-Text-LightItalic.otf in Resources */ = {isa = PBXBuildFile; fileRef = C11CAE7E21416649005744F0 /* SF-Pro-Text-LightItalic.otf */; };
		C11CAE9C2141664D005744F0 /* SF-Pro-Text-RegularItalic.otf in Resources */ = {isa = PBXBuildFile; fileRef = C11CAE7F21416649005744F0 /* SF-Pro-Text-RegularItalic.otf */; };
		C11CAE9D2141664D005744F0 /* SF-Pro-Text-SemiboldItalic.otf in Resources */ = {isa = PBXBuildFile; fileRef = C11CAE8021416649005744F0 /* SF-Pro-Text-SemiboldItalic.otf */; };
		C11CAE9E2141664D005744F0 /* SF-Pro-Display-Light.otf in Resources */ = {isa = PBXBuildFile; fileRef = C11CAE812141664A005744F0 /* SF-Pro-Display-Light.otf */; };
		C11CAE9F2141664D005744F0 /* SF-Pro-Display-Medium.otf in Resources */ = {isa = PBXBuildFile; fileRef = C11CAE822141664A005744F0 /* SF-Pro-Display-Medium.otf */; };
		C11CAEA02141664D005744F0 /* SF-Pro-Text-BoldItalic.otf in Resources */ = {isa = PBXBuildFile; fileRef = C11CAE832141664A005744F0 /* SF-Pro-Text-BoldItalic.otf */; };
		C11CAEA12141664D005744F0 /* SF-Pro-Text-Regular.otf in Resources */ = {isa = PBXBuildFile; fileRef = C11CAE842141664A005744F0 /* SF-Pro-Text-Regular.otf */; };
		C11CAEA22141664D005744F0 /* SF-Pro-Display-RegularItalic.otf in Resources */ = {isa = PBXBuildFile; fileRef = C11CAE852141664A005744F0 /* SF-Pro-Display-RegularItalic.otf */; };
		C11CAEA32141664D005744F0 /* SF-Pro-Display-Ultralight.otf in Resources */ = {isa = PBXBuildFile; fileRef = C11CAE862141664A005744F0 /* SF-Pro-Display-Ultralight.otf */; };
		C11CAEA42141664D005744F0 /* SF-Pro-Display-HeavyItalic.otf in Resources */ = {isa = PBXBuildFile; fileRef = C11CAE872141664A005744F0 /* SF-Pro-Display-HeavyItalic.otf */; };
		C11CAEA52141664D005744F0 /* SF-Pro-Display-Heavy.otf in Resources */ = {isa = PBXBuildFile; fileRef = C11CAE882141664B005744F0 /* SF-Pro-Display-Heavy.otf */; };
		C11CAEA62141664D005744F0 /* SF-Pro-Text-Light.otf in Resources */ = {isa = PBXBuildFile; fileRef = C11CAE892141664B005744F0 /* SF-Pro-Text-Light.otf */; };
		C11CAEA72141664D005744F0 /* SF-Pro-Display-LightItalic.otf in Resources */ = {isa = PBXBuildFile; fileRef = C11CAE8A2141664B005744F0 /* SF-Pro-Display-LightItalic.otf */; };
		C11CAEA82141664D005744F0 /* SF-Pro-Display-Thin.otf in Resources */ = {isa = PBXBuildFile; fileRef = C11CAE8B2141664B005744F0 /* SF-Pro-Display-Thin.otf */; };
		C11CAEA92141664D005744F0 /* SF-Pro-Display-BlackItalic.otf in Resources */ = {isa = PBXBuildFile; fileRef = C11CAE8C2141664B005744F0 /* SF-Pro-Display-BlackItalic.otf */; };
		C11CAEAA2141664D005744F0 /* SF-Pro-Display-UltralightItalic.otf in Resources */ = {isa = PBXBuildFile; fileRef = C11CAE8D2141664B005744F0 /* SF-Pro-Display-UltralightItalic.otf */; };
		C11CAEAB2141664D005744F0 /* SF-Pro-Display-BoldItalic.otf in Resources */ = {isa = PBXBuildFile; fileRef = C11CAE8E2141664C005744F0 /* SF-Pro-Display-BoldItalic.otf */; };
		C11CAEAC2141664D005744F0 /* SF-Pro-Display-MediumItalic.otf in Resources */ = {isa = PBXBuildFile; fileRef = C11CAE8F2141664C005744F0 /* SF-Pro-Display-MediumItalic.otf */; };
		C11CAEAD2141664D005744F0 /* SF-Pro-Text-Heavy.otf in Resources */ = {isa = PBXBuildFile; fileRef = C11CAE902141664C005744F0 /* SF-Pro-Text-Heavy.otf */; };
		C11CAEAE2141664D005744F0 /* SF-Pro-Display-SemiboldItalic.otf in Resources */ = {isa = PBXBuildFile; fileRef = C11CAE912141664C005744F0 /* SF-Pro-Display-SemiboldItalic.otf */; };
		C11CAEAF2141664D005744F0 /* SF-Pro-Display-Regular.otf in Resources */ = {isa = PBXBuildFile; fileRef = C11CAE922141664C005744F0 /* SF-Pro-Display-Regular.otf */; };
		C11CAEB02141664D005744F0 /* SF-Pro-Display-ThinItalic.otf in Resources */ = {isa = PBXBuildFile; fileRef = C11CAE932141664D005744F0 /* SF-Pro-Display-ThinItalic.otf */; };
		C11CAEB12141664D005744F0 /* SF-Pro-Text-Medium.otf in Resources */ = {isa = PBXBuildFile; fileRef = C11CAE942141664D005744F0 /* SF-Pro-Text-Medium.otf */; };
		C15AC40D21467003008FABC9 /* AdobeKaitiStd-Regular.otf in Resources */ = {isa = PBXBuildFile; fileRef = C15AC40C21467003008FABC9 /* AdobeKaitiStd-Regular.otf */; };
		C15AC40F2146719F008FABC9 /* GoogleService-Info.plist in Resources */ = {isa = PBXBuildFile; fileRef = C15AC40E2146719E008FABC9 /* GoogleService-Info.plist */; };
		C1A33B85213583910071A369 /* MainViewController.swift in Sources */ = {isa = PBXBuildFile; fileRef = C1A33B84213583910071A369 /* MainViewController.swift */; };
		CC03E552D3A173EBFCD3C190 /* Pods_Corgi_App.framework in Frameworks */ = {isa = PBXBuildFile; fileRef = E25081A8D31A19A84B5B67EF /* Pods_Corgi_App.framework */; };
/* End PBXBuildFile section */

/* Begin PBXContainerItemProxy section */
		C115A31121353103009A10C7 /* PBXContainerItemProxy */ = {
			isa = PBXContainerItemProxy;
			containerPortal = C115A2F421353101009A10C7 /* Project object */;
			proxyType = 1;
			remoteGlobalIDString = C115A2FB21353101009A10C7;
			remoteInfo = "Corgi App";
		};
		C115A31C21353103009A10C7 /* PBXContainerItemProxy */ = {
			isa = PBXContainerItemProxy;
			containerPortal = C115A2F421353101009A10C7 /* Project object */;
			proxyType = 1;
			remoteGlobalIDString = C115A2FB21353101009A10C7;
			remoteInfo = "Corgi App";
		};
/* End PBXContainerItemProxy section */

/* Begin PBXFileReference section */
		06EB67C42C8BC7059EDE0FDF /* Pods-Corgi App.debug.xcconfig */ = {isa = PBXFileReference; includeInIndex = 1; lastKnownFileType = text.xcconfig; name = "Pods-Corgi App.debug.xcconfig"; path = "Pods/Target Support Files/Pods-Corgi App/Pods-Corgi App.debug.xcconfig"; sourceTree = "<group>"; };
		1BBCD1395CF3E50A50A7D59F /* Pods-Corgi AppTests.debug.xcconfig */ = {isa = PBXFileReference; includeInIndex = 1; lastKnownFileType = text.xcconfig; name = "Pods-Corgi AppTests.debug.xcconfig"; path = "Pods/Target Support Files/Pods-Corgi AppTests/Pods-Corgi AppTests.debug.xcconfig"; sourceTree = "<group>"; };
		2AFECD366865FAD4D381C077 /* Pods-Corgi AppUITests.debug.xcconfig */ = {isa = PBXFileReference; includeInIndex = 1; lastKnownFileType = text.xcconfig; name = "Pods-Corgi AppUITests.debug.xcconfig"; path = "Pods/Target Support Files/Pods-Corgi AppUITests/Pods-Corgi AppUITests.debug.xcconfig"; sourceTree = "<group>"; };
		6623E351DBE42C45CEA84A06 /* Pods-Corgi AppTests.release.xcconfig */ = {isa = PBXFileReference; includeInIndex = 1; lastKnownFileType = text.xcconfig; name = "Pods-Corgi AppTests.release.xcconfig"; path = "Pods/Target Support Files/Pods-Corgi AppTests/Pods-Corgi AppTests.release.xcconfig"; sourceTree = "<group>"; };
		66328503F6127B936041E43A /* Pods_Corgi_AppUITests.framework */ = {isa = PBXFileReference; explicitFileType = wrapper.framework; includeInIndex = 0; path = Pods_Corgi_AppUITests.framework; sourceTree = BUILT_PRODUCTS_DIR; };
		9D334923335C86B06F3DD9CC /* Pods_Corgi_AppTests.framework */ = {isa = PBXFileReference; explicitFileType = wrapper.framework; includeInIndex = 0; path = Pods_Corgi_AppTests.framework; sourceTree = BUILT_PRODUCTS_DIR; };
		C102667D2135AAB600D72FA9 /* LogInMenuViewController.swift */ = {isa = PBXFileReference; lastKnownFileType = sourcecode.swift; path = LogInMenuViewController.swift; sourceTree = "<group>"; };
		C102667F2135AB1300D72FA9 /* Menu.swift */ = {isa = PBXFileReference; lastKnownFileType = sourcecode.swift; path = Menu.swift; sourceTree = "<group>"; };
		C115A2FC21353101009A10C7 /* Corgi App.app */ = {isa = PBXFileReference; explicitFileType = wrapper.application; includeInIndex = 0; path = "Corgi App.app"; sourceTree = BUILT_PRODUCTS_DIR; };
		C115A2FF21353101009A10C7 /* AppDelegate.swift */ = {isa = PBXFileReference; lastKnownFileType = sourcecode.swift; path = AppDelegate.swift; sourceTree = "<group>"; };
		C115A30121353101009A10C7 /* FirstLaunchController.swift */ = {isa = PBXFileReference; lastKnownFileType = sourcecode.swift; path = FirstLaunchController.swift; sourceTree = "<group>"; };
		C115A30421353101009A10C7 /* Base */ = {isa = PBXFileReference; lastKnownFileType = file.storyboard; name = Base; path = Base.lproj/Main.storyboard; sourceTree = "<group>"; };
		C115A30621353103009A10C7 /* Assets.xcassets */ = {isa = PBXFileReference; lastKnownFileType = folder.assetcatalog; path = Assets.xcassets; sourceTree = "<group>"; };
		C115A30921353103009A10C7 /* Base */ = {isa = PBXFileReference; lastKnownFileType = file.storyboard; name = Base; path = Base.lproj/LaunchScreen.storyboard; sourceTree = "<group>"; };
		C115A30B21353103009A10C7 /* Info.plist */ = {isa = PBXFileReference; lastKnownFileType = text.plist.xml; path = Info.plist; sourceTree = "<group>"; };
		C115A31021353103009A10C7 /* Corgi AppTests.xctest */ = {isa = PBXFileReference; explicitFileType = wrapper.cfbundle; includeInIndex = 0; path = "Corgi AppTests.xctest"; sourceTree = BUILT_PRODUCTS_DIR; };
		C115A31421353103009A10C7 /* Corgi_AppTests.swift */ = {isa = PBXFileReference; lastKnownFileType = sourcecode.swift; path = Corgi_AppTests.swift; sourceTree = "<group>"; };
		C115A31621353103009A10C7 /* Info.plist */ = {isa = PBXFileReference; lastKnownFileType = text.plist.xml; path = Info.plist; sourceTree = "<group>"; };
		C115A31B21353103009A10C7 /* Corgi AppUITests.xctest */ = {isa = PBXFileReference; explicitFileType = wrapper.cfbundle; includeInIndex = 0; path = "Corgi AppUITests.xctest"; sourceTree = BUILT_PRODUCTS_DIR; };
		C115A31F21353103009A10C7 /* Corgi_AppUITests.swift */ = {isa = PBXFileReference; lastKnownFileType = sourcecode.swift; path = Corgi_AppUITests.swift; sourceTree = "<group>"; };
		C115A32121353103009A10C7 /* Info.plist */ = {isa = PBXFileReference; lastKnownFileType = text.plist.xml; path = Info.plist; sourceTree = "<group>"; };
		C11CAE7821416648005744F0 /* SF-Pro-Display-Black.otf */ = {isa = PBXFileReference; lastKnownFileType = file; name = "SF-Pro-Display-Black.otf"; path = "Corgi App/Fronts/SF-Pro-Display-Black.otf"; sourceTree = SOURCE_ROOT; };
		C11CAE7921416648005744F0 /* SF-Pro-Text-Semibold.otf */ = {isa = PBXFileReference; lastKnownFileType = file; name = "SF-Pro-Text-Semibold.otf"; path = "Corgi App/Fronts/SF-Pro-Text-Semibold.otf"; sourceTree = SOURCE_ROOT; };
		C11CAE7A21416648005744F0 /* SF-Pro-Text-MediumItalic.otf */ = {isa = PBXFileReference; lastKnownFileType = file; name = "SF-Pro-Text-MediumItalic.otf"; path = "Corgi App/Fronts/SF-Pro-Text-MediumItalic.otf"; sourceTree = SOURCE_ROOT; };
		C11CAE7B21416649005744F0 /* SF-Pro-Text-Bold.otf */ = {isa = PBXFileReference; lastKnownFileType = file; name = "SF-Pro-Text-Bold.otf"; path = "Corgi App/Fronts/SF-Pro-Text-Bold.otf"; sourceTree = SOURCE_ROOT; };
		C11CAE7C21416649005744F0 /* SF-Pro-Text-HeavyItalic.otf */ = {isa = PBXFileReference; lastKnownFileType = file; name = "SF-Pro-Text-HeavyItalic.otf"; path = "Corgi App/Fronts/SF-Pro-Text-HeavyItalic.otf"; sourceTree = SOURCE_ROOT; };
		C11CAE7D21416649005744F0 /* SF-Pro-Display-Bold.otf */ = {isa = PBXFileReference; lastKnownFileType = file; name = "SF-Pro-Display-Bold.otf"; path = "Corgi App/Fronts/SF-Pro-Display-Bold.otf"; sourceTree = SOURCE_ROOT; };
		C11CAE7E21416649005744F0 /* SF-Pro-Text-LightItalic.otf */ = {isa = PBXFileReference; lastKnownFileType = file; name = "SF-Pro-Text-LightItalic.otf"; path = "Corgi App/Fronts/SF-Pro-Text-LightItalic.otf"; sourceTree = SOURCE_ROOT; };
		C11CAE7F21416649005744F0 /* SF-Pro-Text-RegularItalic.otf */ = {isa = PBXFileReference; lastKnownFileType = file; name = "SF-Pro-Text-RegularItalic.otf"; path = "Corgi App/Fronts/SF-Pro-Text-RegularItalic.otf"; sourceTree = SOURCE_ROOT; };
		C11CAE8021416649005744F0 /* SF-Pro-Text-SemiboldItalic.otf */ = {isa = PBXFileReference; lastKnownFileType = file; name = "SF-Pro-Text-SemiboldItalic.otf"; path = "Corgi App/Fronts/SF-Pro-Text-SemiboldItalic.otf"; sourceTree = SOURCE_ROOT; };
		C11CAE812141664A005744F0 /* SF-Pro-Display-Light.otf */ = {isa = PBXFileReference; lastKnownFileType = file; name = "SF-Pro-Display-Light.otf"; path = "Corgi App/Fronts/SF-Pro-Display-Light.otf"; sourceTree = SOURCE_ROOT; };
		C11CAE822141664A005744F0 /* SF-Pro-Display-Medium.otf */ = {isa = PBXFileReference; lastKnownFileType = file; name = "SF-Pro-Display-Medium.otf"; path = "Corgi App/Fronts/SF-Pro-Display-Medium.otf"; sourceTree = SOURCE_ROOT; };
		C11CAE832141664A005744F0 /* SF-Pro-Text-BoldItalic.otf */ = {isa = PBXFileReference; lastKnownFileType = file; name = "SF-Pro-Text-BoldItalic.otf"; path = "Corgi App/Fronts/SF-Pro-Text-BoldItalic.otf"; sourceTree = SOURCE_ROOT; };
		C11CAE842141664A005744F0 /* SF-Pro-Text-Regular.otf */ = {isa = PBXFileReference; lastKnownFileType = file; name = "SF-Pro-Text-Regular.otf"; path = "Corgi App/Fronts/SF-Pro-Text-Regular.otf"; sourceTree = SOURCE_ROOT; };
		C11CAE852141664A005744F0 /* SF-Pro-Display-RegularItalic.otf */ = {isa = PBXFileReference; lastKnownFileType = file; name = "SF-Pro-Display-RegularItalic.otf"; path = "Corgi App/Fronts/SF-Pro-Display-RegularItalic.otf"; sourceTree = SOURCE_ROOT; };
		C11CAE862141664A005744F0 /* SF-Pro-Display-Ultralight.otf */ = {isa = PBXFileReference; lastKnownFileType = file; name = "SF-Pro-Display-Ultralight.otf"; path = "Corgi App/Fronts/SF-Pro-Display-Ultralight.otf"; sourceTree = SOURCE_ROOT; };
		C11CAE872141664A005744F0 /* SF-Pro-Display-HeavyItalic.otf */ = {isa = PBXFileReference; lastKnownFileType = file; name = "SF-Pro-Display-HeavyItalic.otf"; path = "Corgi App/Fronts/SF-Pro-Display-HeavyItalic.otf"; sourceTree = SOURCE_ROOT; };
		C11CAE882141664B005744F0 /* SF-Pro-Display-Heavy.otf */ = {isa = PBXFileReference; lastKnownFileType = file; name = "SF-Pro-Display-Heavy.otf"; path = "Corgi App/Fronts/SF-Pro-Display-Heavy.otf"; sourceTree = SOURCE_ROOT; };
		C11CAE892141664B005744F0 /* SF-Pro-Text-Light.otf */ = {isa = PBXFileReference; lastKnownFileType = file; name = "SF-Pro-Text-Light.otf"; path = "Corgi App/Fronts/SF-Pro-Text-Light.otf"; sourceTree = SOURCE_ROOT; };
		C11CAE8A2141664B005744F0 /* SF-Pro-Display-LightItalic.otf */ = {isa = PBXFileReference; lastKnownFileType = file; name = "SF-Pro-Display-LightItalic.otf"; path = "Corgi App/Fronts/SF-Pro-Display-LightItalic.otf"; sourceTree = SOURCE_ROOT; };
		C11CAE8B2141664B005744F0 /* SF-Pro-Display-Thin.otf */ = {isa = PBXFileReference; lastKnownFileType = file; name = "SF-Pro-Display-Thin.otf"; path = "Corgi App/Fronts/SF-Pro-Display-Thin.otf"; sourceTree = SOURCE_ROOT; };
		C11CAE8C2141664B005744F0 /* SF-Pro-Display-BlackItalic.otf */ = {isa = PBXFileReference; lastKnownFileType = file; name = "SF-Pro-Display-BlackItalic.otf"; path = "Corgi App/Fronts/SF-Pro-Display-BlackItalic.otf"; sourceTree = SOURCE_ROOT; };
		C11CAE8D2141664B005744F0 /* SF-Pro-Display-UltralightItalic.otf */ = {isa = PBXFileReference; lastKnownFileType = file; name = "SF-Pro-Display-UltralightItalic.otf"; path = "Corgi App/Fronts/SF-Pro-Display-UltralightItalic.otf"; sourceTree = SOURCE_ROOT; };
		C11CAE8E2141664C005744F0 /* SF-Pro-Display-BoldItalic.otf */ = {isa = PBXFileReference; lastKnownFileType = file; name = "SF-Pro-Display-BoldItalic.otf"; path = "Corgi App/Fronts/SF-Pro-Display-BoldItalic.otf"; sourceTree = SOURCE_ROOT; };
		C11CAE8F2141664C005744F0 /* SF-Pro-Display-MediumItalic.otf */ = {isa = PBXFileReference; lastKnownFileType = file; name = "SF-Pro-Display-MediumItalic.otf"; path = "Corgi App/Fronts/SF-Pro-Display-MediumItalic.otf"; sourceTree = SOURCE_ROOT; };
		C11CAE902141664C005744F0 /* SF-Pro-Text-Heavy.otf */ = {isa = PBXFileReference; lastKnownFileType = file; name = "SF-Pro-Text-Heavy.otf"; path = "Corgi App/Fronts/SF-Pro-Text-Heavy.otf"; sourceTree = SOURCE_ROOT; };
		C11CAE912141664C005744F0 /* SF-Pro-Display-SemiboldItalic.otf */ = {isa = PBXFileReference; lastKnownFileType = file; name = "SF-Pro-Display-SemiboldItalic.otf"; path = "Corgi App/Fronts/SF-Pro-Display-SemiboldItalic.otf"; sourceTree = SOURCE_ROOT; };
		C11CAE922141664C005744F0 /* SF-Pro-Display-Regular.otf */ = {isa = PBXFileReference; lastKnownFileType = file; name = "SF-Pro-Display-Regular.otf"; path = "Corgi App/Fronts/SF-Pro-Display-Regular.otf"; sourceTree = SOURCE_ROOT; };
		C11CAE932141664D005744F0 /* SF-Pro-Display-ThinItalic.otf */ = {isa = PBXFileReference; lastKnownFileType = file; name = "SF-Pro-Display-ThinItalic.otf"; path = "Corgi App/Fronts/SF-Pro-Display-ThinItalic.otf"; sourceTree = SOURCE_ROOT; };
		C11CAE942141664D005744F0 /* SF-Pro-Text-Medium.otf */ = {isa = PBXFileReference; lastKnownFileType = file; name = "SF-Pro-Text-Medium.otf"; path = "Corgi App/Fronts/SF-Pro-Text-Medium.otf"; sourceTree = SOURCE_ROOT; };
		C15AC40C21467003008FABC9 /* AdobeKaitiStd-Regular.otf */ = {isa = PBXFileReference; lastKnownFileType = file; name = "AdobeKaitiStd-Regular.otf"; path = "Corgi App/Fronts/AdobeKaitiStd-Regular.otf"; sourceTree = SOURCE_ROOT; };
		C15AC40E2146719E008FABC9 /* GoogleService-Info.plist */ = {isa = PBXFileReference; fileEncoding = 4; lastKnownFileType = text.plist.xml; name = "GoogleService-Info.plist"; path = "../../../Downloads/GoogleService-Info.plist"; sourceTree = "<group>"; };
		C1A33B84213583910071A369 /* MainViewController.swift */ = {isa = PBXFileReference; lastKnownFileType = sourcecode.swift; path = MainViewController.swift; sourceTree = "<group>"; };
		E25081A8D31A19A84B5B67EF /* Pods_Corgi_App.framework */ = {isa = PBXFileReference; explicitFileType = wrapper.framework; includeInIndex = 0; path = Pods_Corgi_App.framework; sourceTree = BUILT_PRODUCTS_DIR; };
		E329C4EE8E843AB89B848C4F /* Pods-Corgi AppUITests.release.xcconfig */ = {isa = PBXFileReference; includeInIndex = 1; lastKnownFileType = text.xcconfig; name = "Pods-Corgi AppUITests.release.xcconfig"; path = "Pods/Target Support Files/Pods-Corgi AppUITests/Pods-Corgi AppUITests.release.xcconfig"; sourceTree = "<group>"; };
		F27F9739F2427D570ED9EC9A /* Pods-Corgi App.release.xcconfig */ = {isa = PBXFileReference; includeInIndex = 1; lastKnownFileType = text.xcconfig; name = "Pods-Corgi App.release.xcconfig"; path = "Pods/Target Support Files/Pods-Corgi App/Pods-Corgi App.release.xcconfig"; sourceTree = "<group>"; };
/* End PBXFileReference section */

/* Begin PBXFrameworksBuildPhase section */
		C115A2F921353101009A10C7 /* Frameworks */ = {
			isa = PBXFrameworksBuildPhase;
			buildActionMask = 2147483647;
			files = (
				CC03E552D3A173EBFCD3C190 /* Pods_Corgi_App.framework in Frameworks */,
			);
			runOnlyForDeploymentPostprocessing = 0;
		};
		C115A30D21353103009A10C7 /* Frameworks */ = {
			isa = PBXFrameworksBuildPhase;
			buildActionMask = 2147483647;
			files = (
				1E40E04A911FEB31C532EEA9 /* Pods_Corgi_AppTests.framework in Frameworks */,
			);
			runOnlyForDeploymentPostprocessing = 0;
		};
		C115A31821353103009A10C7 /* Frameworks */ = {
			isa = PBXFrameworksBuildPhase;
			buildActionMask = 2147483647;
			files = (
				6591B55A95B7399A6C4A984F /* Pods_Corgi_AppUITests.framework in Frameworks */,
			);
			runOnlyForDeploymentPostprocessing = 0;
		};
/* End PBXFrameworksBuildPhase section */

/* Begin PBXGroup section */
		89F1CC54FABBC1CF257E3EE1 /* Frameworks */ = {
			isa = PBXGroup;
			children = (
				E25081A8D31A19A84B5B67EF /* Pods_Corgi_App.framework */,
				9D334923335C86B06F3DD9CC /* Pods_Corgi_AppTests.framework */,
				66328503F6127B936041E43A /* Pods_Corgi_AppUITests.framework */,
			);
			name = Frameworks;
			sourceTree = "<group>";
		};
		8BB6B2C4C04BD7F40CD42D07 /* Pods */ = {
			isa = PBXGroup;
			children = (
				06EB67C42C8BC7059EDE0FDF /* Pods-Corgi App.debug.xcconfig */,
				F27F9739F2427D570ED9EC9A /* Pods-Corgi App.release.xcconfig */,
				1BBCD1395CF3E50A50A7D59F /* Pods-Corgi AppTests.debug.xcconfig */,
				6623E351DBE42C45CEA84A06 /* Pods-Corgi AppTests.release.xcconfig */,
				2AFECD366865FAD4D381C077 /* Pods-Corgi AppUITests.debug.xcconfig */,
				E329C4EE8E843AB89B848C4F /* Pods-Corgi AppUITests.release.xcconfig */,
			);
			name = Pods;
			sourceTree = "<group>";
		};
		C115A2F321353101009A10C7 = {
			isa = PBXGroup;
			children = (
				C115A2FE21353101009A10C7 /* Corgi App */,
				C115A31321353103009A10C7 /* Corgi AppTests */,
				C115A31E21353103009A10C7 /* Corgi AppUITests */,
				C115A2FD21353101009A10C7 /* Products */,
				8BB6B2C4C04BD7F40CD42D07 /* Pods */,
				89F1CC54FABBC1CF257E3EE1 /* Frameworks */,
			);
			sourceTree = "<group>";
		};
		C115A2FD21353101009A10C7 /* Products */ = {
			isa = PBXGroup;
			children = (
				C115A2FC21353101009A10C7 /* Corgi App.app */,
				C115A31021353103009A10C7 /* Corgi AppTests.xctest */,
				C115A31B21353103009A10C7 /* Corgi AppUITests.xctest */,
			);
			name = Products;
			sourceTree = "<group>";
		};
		C115A2FE21353101009A10C7 /* Corgi App */ = {
			isa = PBXGroup;
			children = (
				C15AC40E2146719E008FABC9 /* GoogleService-Info.plist */,
				C14F1DE321356041005E95F7 /* Application */,
				C14F1DE5213560CD005E95F7 /* Main */,
				C197257C213E6AD000F8FF82 /* Registartion */,
				C11CAE7721416614005744F0 /* Fronts */,
				C14F1DE421356090005E95F7 /* SupportFiles */,
			);
			path = "Corgi App";
			sourceTree = "<group>";
		};
		C115A31321353103009A10C7 /* Corgi AppTests */ = {
			isa = PBXGroup;
			children = (
				C115A31421353103009A10C7 /* Corgi_AppTests.swift */,
				C115A31621353103009A10C7 /* Info.plist */,
			);
			path = "Corgi AppTests";
			sourceTree = "<group>";
		};
		C115A31E21353103009A10C7 /* Corgi AppUITests */ = {
			isa = PBXGroup;
			children = (
				C115A31F21353103009A10C7 /* Corgi_AppUITests.swift */,
				C115A32121353103009A10C7 /* Info.plist */,
			);
			path = "Corgi AppUITests";
			sourceTree = "<group>";
		};
		C11CAE7721416614005744F0 /* Fronts */ = {
			isa = PBXGroup;
			children = (
				C11CAE7821416648005744F0 /* SF-Pro-Display-Black.otf */,
				C11CAE8C2141664B005744F0 /* SF-Pro-Display-BlackItalic.otf */,
				C11CAE7D21416649005744F0 /* SF-Pro-Display-Bold.otf */,
				C11CAE8E2141664C005744F0 /* SF-Pro-Display-BoldItalic.otf */,
				C11CAE882141664B005744F0 /* SF-Pro-Display-Heavy.otf */,
				C11CAE872141664A005744F0 /* SF-Pro-Display-HeavyItalic.otf */,
				C11CAE812141664A005744F0 /* SF-Pro-Display-Light.otf */,
				C11CAE8A2141664B005744F0 /* SF-Pro-Display-LightItalic.otf */,
				C11CAE822141664A005744F0 /* SF-Pro-Display-Medium.otf */,
				C15AC40C21467003008FABC9 /* AdobeKaitiStd-Regular.otf */,
				C11CAE8F2141664C005744F0 /* SF-Pro-Display-MediumItalic.otf */,
				C11CAE922141664C005744F0 /* SF-Pro-Display-Regular.otf */,
				C11CAE852141664A005744F0 /* SF-Pro-Display-RegularItalic.otf */,
				C11CAE912141664C005744F0 /* SF-Pro-Display-SemiboldItalic.otf */,
				C11CAE8B2141664B005744F0 /* SF-Pro-Display-Thin.otf */,
				C11CAE932141664D005744F0 /* SF-Pro-Display-ThinItalic.otf */,
				C11CAE862141664A005744F0 /* SF-Pro-Display-Ultralight.otf */,
				C11CAE8D2141664B005744F0 /* SF-Pro-Display-UltralightItalic.otf */,
				C11CAE7B21416649005744F0 /* SF-Pro-Text-Bold.otf */,
				C11CAE832141664A005744F0 /* SF-Pro-Text-BoldItalic.otf */,
				C11CAE902141664C005744F0 /* SF-Pro-Text-Heavy.otf */,
				C11CAE7C21416649005744F0 /* SF-Pro-Text-HeavyItalic.otf */,
				C11CAE892141664B005744F0 /* SF-Pro-Text-Light.otf */,
				C11CAE7E21416649005744F0 /* SF-Pro-Text-LightItalic.otf */,
				C11CAE942141664D005744F0 /* SF-Pro-Text-Medium.otf */,
				C11CAE7A21416648005744F0 /* SF-Pro-Text-MediumItalic.otf */,
				C11CAE842141664A005744F0 /* SF-Pro-Text-Regular.otf */,
				C11CAE7F21416649005744F0 /* SF-Pro-Text-RegularItalic.otf */,
				C11CAE7921416648005744F0 /* SF-Pro-Text-Semibold.otf */,
				C11CAE8021416649005744F0 /* SF-Pro-Text-SemiboldItalic.otf */,
			);
			name = Fronts;
			path = "New Group";
			sourceTree = "<group>";
		};
		C14F1DDF21355FFE005E95F7 /* Controller */ = {
			isa = PBXGroup;
			children = (
				C115A2FF21353101009A10C7 /* AppDelegate.swift */,
			);
			path = Controller;
			sourceTree = "<group>";
		};
		C14F1DE021356009005E95F7 /* View */ = {
			isa = PBXGroup;
			children = (
				C115A30821353103009A10C7 /* LaunchScreen.storyboard */,
			);
			path = View;
			sourceTree = "<group>";
		};
		C14F1DE121356012005E95F7 /* Model */ = {
			isa = PBXGroup;
			children = (
			);
			path = Model;
			sourceTree = "<group>";
		};
		C14F1DE321356041005E95F7 /* Application */ = {
			isa = PBXGroup;
			children = (
				C14F1DE121356012005E95F7 /* Model */,
				C14F1DE021356009005E95F7 /* View */,
				C14F1DDF21355FFE005E95F7 /* Controller */,
			);
			path = Application;
			sourceTree = "<group>";
		};
		C14F1DE421356090005E95F7 /* SupportFiles */ = {
			isa = PBXGroup;
			children = (
				C115A30621353103009A10C7 /* Assets.xcassets */,
				C115A30B21353103009A10C7 /* Info.plist */,
			);
			path = SupportFiles;
			sourceTree = "<group>";
		};
		C14F1DE5213560CD005E95F7 /* Main */ = {
			isa = PBXGroup;
			children = (
				C14F1DE8213560E7005E95F7 /* Model */,
				C14F1DE7213560E4005E95F7 /* View */,
				C14F1DE6213560DA005E95F7 /* Controller */,
			);
			path = Main;
			sourceTree = "<group>";
		};
		C14F1DE6213560DA005E95F7 /* Controller */ = {
			isa = PBXGroup;
			children = (
				C102667D2135AAB600D72FA9 /* LogInMenuViewController.swift */,
				C115A30121353101009A10C7 /* FirstLaunchController.swift */,
				C1A33B84213583910071A369 /* MainViewController.swift */,
			);
			path = Controller;
			sourceTree = "<group>";
		};
		C14F1DE7213560E4005E95F7 /* View */ = {
			isa = PBXGroup;
			children = (
				C115A30321353101009A10C7 /* Main.storyboard */,
				C102667F2135AB1300D72FA9 /* Menu.swift */,
			);
			path = View;
			sourceTree = "<group>";
		};
		C14F1DE8213560E7005E95F7 /* Model */ = {
			isa = PBXGroup;
			children = (
			);
			path = Model;
			sourceTree = "<group>";
		};
		C197257C213E6AD000F8FF82 /* Registartion */ = {
			isa = PBXGroup;
			children = (
			);
			path = Registartion;
			sourceTree = "<group>";
		};
/* End PBXGroup section */

/* Begin PBXNativeTarget section */
		C115A2FB21353101009A10C7 /* Corgi App */ = {
			isa = PBXNativeTarget;
			buildConfigurationList = C115A32421353103009A10C7 /* Build configuration list for PBXNativeTarget "Corgi App" */;
			buildPhases = (
				C347D70AADAE64CE629470B6 /* [CP] Check Pods Manifest.lock */,
				C115A2F821353101009A10C7 /* Sources */,
				C115A2F921353101009A10C7 /* Frameworks */,
				C115A2FA21353101009A10C7 /* Resources */,
				58837315D93C0433346B9FDB /* [CP] Embed Pods Frameworks */,
			);
			buildRules = (
			);
			dependencies = (
			);
			name = "Corgi App";
			productName = "Corgi App";
			productReference = C115A2FC21353101009A10C7 /* Corgi App.app */;
			productType = "com.apple.product-type.application";
		};
		C115A30F21353103009A10C7 /* Corgi AppTests */ = {
			isa = PBXNativeTarget;
			buildConfigurationList = C115A32721353103009A10C7 /* Build configuration list for PBXNativeTarget "Corgi AppTests" */;
			buildPhases = (
				EA357F6EADC185CF75C5D400 /* [CP] Check Pods Manifest.lock */,
				C115A30C21353103009A10C7 /* Sources */,
				C115A30D21353103009A10C7 /* Frameworks */,
				C115A30E21353103009A10C7 /* Resources */,
			);
			buildRules = (
			);
			dependencies = (
				C115A31221353103009A10C7 /* PBXTargetDependency */,
			);
			name = "Corgi AppTests";
			productName = "Corgi AppTests";
			productReference = C115A31021353103009A10C7 /* Corgi AppTests.xctest */;
			productType = "com.apple.product-type.bundle.unit-test";
		};
		C115A31A21353103009A10C7 /* Corgi AppUITests */ = {
			isa = PBXNativeTarget;
			buildConfigurationList = C115A32A21353103009A10C7 /* Build configuration list for PBXNativeTarget "Corgi AppUITests" */;
			buildPhases = (
				CC994DDA14239CD4EF036272 /* [CP] Check Pods Manifest.lock */,
				C115A31721353103009A10C7 /* Sources */,
				C115A31821353103009A10C7 /* Frameworks */,
				C115A31921353103009A10C7 /* Resources */,
			);
			buildRules = (
			);
			dependencies = (
				C115A31D21353103009A10C7 /* PBXTargetDependency */,
			);
			name = "Corgi AppUITests";
			productName = "Corgi AppUITests";
			productReference = C115A31B21353103009A10C7 /* Corgi AppUITests.xctest */;
			productType = "com.apple.product-type.bundle.ui-testing";
		};
/* End PBXNativeTarget section */

/* Begin PBXProject section */
		C115A2F421353101009A10C7 /* Project object */ = {
			isa = PBXProject;
			attributes = {
				LastSwiftUpdateCheck = 0940;
				LastUpgradeCheck = 0940;
				ORGANIZATIONNAME = "Александр Сахнюков";
				TargetAttributes = {
					C115A2FB21353101009A10C7 = {
						CreatedOnToolsVersion = 9.4.1;
					};
					C115A30F21353103009A10C7 = {
						CreatedOnToolsVersion = 9.4.1;
						TestTargetID = C115A2FB21353101009A10C7;
					};
					C115A31A21353103009A10C7 = {
						CreatedOnToolsVersion = 9.4.1;
						TestTargetID = C115A2FB21353101009A10C7;
					};
				};
			};
			buildConfigurationList = C115A2F721353101009A10C7 /* Build configuration list for PBXProject "Corgi App" */;
			compatibilityVersion = "Xcode 9.3";
			developmentRegion = en;
			hasScannedForEncodings = 0;
			knownRegions = (
				en,
				Base,
			);
			mainGroup = C115A2F321353101009A10C7;
			productRefGroup = C115A2FD21353101009A10C7 /* Products */;
			projectDirPath = "";
			projectRoot = "";
			targets = (
				C115A2FB21353101009A10C7 /* Corgi App */,
				C115A30F21353103009A10C7 /* Corgi AppTests */,
				C115A31A21353103009A10C7 /* Corgi AppUITests */,
			);
		};
/* End PBXProject section */

/* Begin PBXResourcesBuildPhase section */
		C115A2FA21353101009A10C7 /* Resources */ = {
			isa = PBXResourcesBuildPhase;
			buildActionMask = 2147483647;
			files = (
				C11CAE972141664D005744F0 /* SF-Pro-Text-MediumItalic.otf in Resources */,
				C11CAEA52141664D005744F0 /* SF-Pro-Display-Heavy.otf in Resources */,
				C11CAEAE2141664D005744F0 /* SF-Pro-Display-SemiboldItalic.otf in Resources */,
				C11CAEAB2141664D005744F0 /* SF-Pro-Display-BoldItalic.otf in Resources */,
				C11CAEA72141664D005744F0 /* SF-Pro-Display-LightItalic.otf in Resources */,
				C11CAE9E2141664D005744F0 /* SF-Pro-Display-Light.otf in Resources */,
				C115A30A21353103009A10C7 /* LaunchScreen.storyboard in Resources */,
				C11CAE9C2141664D005744F0 /* SF-Pro-Text-RegularItalic.otf in Resources */,
				C11CAEAD2141664D005744F0 /* SF-Pro-Text-Heavy.otf in Resources */,
				C115A30721353103009A10C7 /* Assets.xcassets in Resources */,
				C11CAEAF2141664D005744F0 /* SF-Pro-Display-Regular.otf in Resources */,
				C11CAE9D2141664D005744F0 /* SF-Pro-Text-SemiboldItalic.otf in Resources */,
				C11CAEAC2141664D005744F0 /* SF-Pro-Display-MediumItalic.otf in Resources */,
				C11CAEA12141664D005744F0 /* SF-Pro-Text-Regular.otf in Resources */,
				C11CAEA32141664D005744F0 /* SF-Pro-Display-Ultralight.otf in Resources */,
				C11CAEA82141664D005744F0 /* SF-Pro-Display-Thin.otf in Resources */,
				C11CAE992141664D005744F0 /* SF-Pro-Text-HeavyItalic.otf in Resources */,
				C11CAEA92141664D005744F0 /* SF-Pro-Display-BlackItalic.otf in Resources */,
				C11CAE9F2141664D005744F0 /* SF-Pro-Display-Medium.otf in Resources */,
				C11CAEA02141664D005744F0 /* SF-Pro-Text-BoldItalic.otf in Resources */,
				C11CAEB12141664D005744F0 /* SF-Pro-Text-Medium.otf in Resources */,
				C115A30521353101009A10C7 /* Main.storyboard in Resources */,
				C15AC40D21467003008FABC9 /* AdobeKaitiStd-Regular.otf in Resources */,
				C11CAE952141664D005744F0 /* SF-Pro-Display-Black.otf in Resources */,
				C11CAE962141664D005744F0 /* SF-Pro-Text-Semibold.otf in Resources */,
				C11CAEA62141664D005744F0 /* SF-Pro-Text-Light.otf in Resources */,
				C11CAEAA2141664D005744F0 /* SF-Pro-Display-UltralightItalic.otf in Resources */,
				C11CAEA42141664D005744F0 /* SF-Pro-Display-HeavyItalic.otf in Resources */,
				C11CAE982141664D005744F0 /* SF-Pro-Text-Bold.otf in Resources */,
				C15AC40F2146719F008FABC9 /* GoogleService-Info.plist in Resources */,
				C11CAE9B2141664D005744F0 /* SF-Pro-Text-LightItalic.otf in Resources */,
				C11CAEA22141664D005744F0 /* SF-Pro-Display-RegularItalic.otf in Resources */,
				C11CAEB02141664D005744F0 /* SF-Pro-Display-ThinItalic.otf in Resources */,
				C11CAE9A2141664D005744F0 /* SF-Pro-Display-Bold.otf in Resources */,
			);
			runOnlyForDeploymentPostprocessing = 0;
		};
		C115A30E21353103009A10C7 /* Resources */ = {
			isa = PBXResourcesBuildPhase;
			buildActionMask = 2147483647;
			files = (
			);
			runOnlyForDeploymentPostprocessing = 0;
		};
		C115A31921353103009A10C7 /* Resources */ = {
			isa = PBXResourcesBuildPhase;
			buildActionMask = 2147483647;
			files = (
			);
			runOnlyForDeploymentPostprocessing = 0;
		};
/* End PBXResourcesBuildPhase section */

/* Begin PBXShellScriptBuildPhase section */
		58837315D93C0433346B9FDB /* [CP] Embed Pods Frameworks */ = {
			isa = PBXShellScriptBuildPhase;
			buildActionMask = 2147483647;
			files = (
			);
			inputPaths = (
				"${SRCROOT}/Pods/Target Support Files/Pods-Corgi App/Pods-Corgi App-frameworks.sh",
				"${BUILT_PRODUCTS_DIR}/GTMSessionFetcher/GTMSessionFetcher.framework",
				"${BUILT_PRODUCTS_DIR}/GoogleUtilities/GoogleUtilities.framework",
				"${BUILT_PRODUCTS_DIR}/SCLAlertView/SCLAlertView.framework",
				"${BUILT_PRODUCTS_DIR}/nanopb/nanopb.framework",
			);
			name = "[CP] Embed Pods Frameworks";
			outputPaths = (
				"${TARGET_BUILD_DIR}/${FRAMEWORKS_FOLDER_PATH}/GTMSessionFetcher.framework",
				"${TARGET_BUILD_DIR}/${FRAMEWORKS_FOLDER_PATH}/GoogleUtilities.framework",
				"${TARGET_BUILD_DIR}/${FRAMEWORKS_FOLDER_PATH}/SCLAlertView.framework",
				"${TARGET_BUILD_DIR}/${FRAMEWORKS_FOLDER_PATH}/nanopb.framework",
			);
			runOnlyForDeploymentPostprocessing = 0;
			shellPath = /bin/sh;
			shellScript = "\"${SRCROOT}/Pods/Target Support Files/Pods-Corgi App/Pods-Corgi App-frameworks.sh\"\n";
			showEnvVarsInLog = 0;
		};
		C347D70AADAE64CE629470B6 /* [CP] Check Pods Manifest.lock */ = {
			isa = PBXShellScriptBuildPhase;
			buildActionMask = 2147483647;
			files = (
			);
			inputPaths = (
				"${PODS_PODFILE_DIR_PATH}/Podfile.lock",
				"${PODS_ROOT}/Manifest.lock",
			);
			name = "[CP] Check Pods Manifest.lock";
			outputPaths = (
				"$(DERIVED_FILE_DIR)/Pods-Corgi App-checkManifestLockResult.txt",
			);
			runOnlyForDeploymentPostprocessing = 0;
			shellPath = /bin/sh;
			shellScript = "diff \"${PODS_PODFILE_DIR_PATH}/Podfile.lock\" \"${PODS_ROOT}/Manifest.lock\" > /dev/null\nif [ $? != 0 ] ; then\n    # print error to STDERR\n    echo \"error: The sandbox is not in sync with the Podfile.lock. Run 'pod install' or update your CocoaPods installation.\" >&2\n    exit 1\nfi\n# This output is used by Xcode 'outputs' to avoid re-running this script phase.\necho \"SUCCESS\" > \"${SCRIPT_OUTPUT_FILE_0}\"\n";
			showEnvVarsInLog = 0;
		};
		CC994DDA14239CD4EF036272 /* [CP] Check Pods Manifest.lock */ = {
			isa = PBXShellScriptBuildPhase;
			buildActionMask = 2147483647;
			files = (
			);
			inputPaths = (
				"${PODS_PODFILE_DIR_PATH}/Podfile.lock",
				"${PODS_ROOT}/Manifest.lock",
			);
			name = "[CP] Check Pods Manifest.lock";
			outputPaths = (
				"$(DERIVED_FILE_DIR)/Pods-Corgi AppUITests-checkManifestLockResult.txt",
			);
			runOnlyForDeploymentPostprocessing = 0;
			shellPath = /bin/sh;
			shellScript = "diff \"${PODS_PODFILE_DIR_PATH}/Podfile.lock\" \"${PODS_ROOT}/Manifest.lock\" > /dev/null\nif [ $? != 0 ] ; then\n    # print error to STDERR\n    echo \"error: The sandbox is not in sync with the Podfile.lock. Run 'pod install' or update your CocoaPods installation.\" >&2\n    exit 1\nfi\n# This output is used by Xcode 'outputs' to avoid re-running this script phase.\necho \"SUCCESS\" > \"${SCRIPT_OUTPUT_FILE_0}\"\n";
			showEnvVarsInLog = 0;
		};
		EA357F6EADC185CF75C5D400 /* [CP] Check Pods Manifest.lock */ = {
			isa = PBXShellScriptBuildPhase;
			buildActionMask = 2147483647;
			files = (
			);
			inputPaths = (
				"${PODS_PODFILE_DIR_PATH}/Podfile.lock",
				"${PODS_ROOT}/Manifest.lock",
			);
			name = "[CP] Check Pods Manifest.lock";
			outputPaths = (
				"$(DERIVED_FILE_DIR)/Pods-Corgi AppTests-checkManifestLockResult.txt",
			);
			runOnlyForDeploymentPostprocessing = 0;
			shellPath = /bin/sh;
			shellScript = "diff \"${PODS_PODFILE_DIR_PATH}/Podfile.lock\" \"${PODS_ROOT}/Manifest.lock\" > /dev/null\nif [ $? != 0 ] ; then\n    # print error to STDERR\n    echo \"error: The sandbox is not in sync with the Podfile.lock. Run 'pod install' or update your CocoaPods installation.\" >&2\n    exit 1\nfi\n# This output is used by Xcode 'outputs' to avoid re-running this script phase.\necho \"SUCCESS\" > \"${SCRIPT_OUTPUT_FILE_0}\"\n";
			showEnvVarsInLog = 0;
		};
/* End PBXShellScriptBuildPhase section */

/* Begin PBXSourcesBuildPhase section */
		C115A2F821353101009A10C7 /* Sources */ = {
			isa = PBXSourcesBuildPhase;
			buildActionMask = 2147483647;
			files = (
				C1A33B85213583910071A369 /* MainViewController.swift in Sources */,
				C115A30221353101009A10C7 /* FirstLaunchController.swift in Sources */,
				C115A30021353101009A10C7 /* AppDelegate.swift in Sources */,
				C102667E2135AAB600D72FA9 /* LogInMenuViewController.swift in Sources */,
				C10266802135AB1300D72FA9 /* Menu.swift in Sources */,
			);
			runOnlyForDeploymentPostprocessing = 0;
		};
		C115A30C21353103009A10C7 /* Sources */ = {
			isa = PBXSourcesBuildPhase;
			buildActionMask = 2147483647;
			files = (
				C115A31521353103009A10C7 /* Corgi_AppTests.swift in Sources */,
			);
			runOnlyForDeploymentPostprocessing = 0;
		};
		C115A31721353103009A10C7 /* Sources */ = {
			isa = PBXSourcesBuildPhase;
			buildActionMask = 2147483647;
			files = (
				C115A32021353103009A10C7 /* Corgi_AppUITests.swift in Sources */,
			);
			runOnlyForDeploymentPostprocessing = 0;
		};
/* End PBXSourcesBuildPhase section */

/* Begin PBXTargetDependency section */
		C115A31221353103009A10C7 /* PBXTargetDependency */ = {
			isa = PBXTargetDependency;
			target = C115A2FB21353101009A10C7 /* Corgi App */;
			targetProxy = C115A31121353103009A10C7 /* PBXContainerItemProxy */;
		};
		C115A31D21353103009A10C7 /* PBXTargetDependency */ = {
			isa = PBXTargetDependency;
			target = C115A2FB21353101009A10C7 /* Corgi App */;
			targetProxy = C115A31C21353103009A10C7 /* PBXContainerItemProxy */;
		};
/* End PBXTargetDependency section */

/* Begin PBXVariantGroup section */
		C115A30321353101009A10C7 /* Main.storyboard */ = {
			isa = PBXVariantGroup;
			children = (
				C115A30421353101009A10C7 /* Base */,
			);
			name = Main.storyboard;
			sourceTree = "<group>";
		};
		C115A30821353103009A10C7 /* LaunchScreen.storyboard */ = {
			isa = PBXVariantGroup;
			children = (
				C115A30921353103009A10C7 /* Base */,
			);
			name = LaunchScreen.storyboard;
			sourceTree = "<group>";
		};
/* End PBXVariantGroup section */

/* Begin XCBuildConfiguration section */
		C115A32221353103009A10C7 /* Debug */ = {
			isa = XCBuildConfiguration;
			buildSettings = {
				ALWAYS_SEARCH_USER_PATHS = NO;
				CLANG_ANALYZER_NONNULL = YES;
				CLANG_ANALYZER_NUMBER_OBJECT_CONVERSION = YES_AGGRESSIVE;
				CLANG_CXX_LANGUAGE_STANDARD = "gnu++14";
				CLANG_CXX_LIBRARY = "libc++";
				CLANG_ENABLE_MODULES = YES;
				CLANG_ENABLE_OBJC_ARC = YES;
				CLANG_ENABLE_OBJC_WEAK = YES;
				CLANG_WARN_BLOCK_CAPTURE_AUTORELEASING = YES;
				CLANG_WARN_BOOL_CONVERSION = YES;
				CLANG_WARN_COMMA = YES;
				CLANG_WARN_CONSTANT_CONVERSION = YES;
				CLANG_WARN_DEPRECATED_OBJC_IMPLEMENTATIONS = YES;
				CLANG_WARN_DIRECT_OBJC_ISA_USAGE = YES_ERROR;
				CLANG_WARN_DOCUMENTATION_COMMENTS = YES;
				CLANG_WARN_EMPTY_BODY = YES;
				CLANG_WARN_ENUM_CONVERSION = YES;
				CLANG_WARN_INFINITE_RECURSION = YES;
				CLANG_WARN_INT_CONVERSION = YES;
				CLANG_WARN_NON_LITERAL_NULL_CONVERSION = YES;
				CLANG_WARN_OBJC_IMPLICIT_RETAIN_SELF = YES;
				CLANG_WARN_OBJC_LITERAL_CONVERSION = YES;
				CLANG_WARN_OBJC_ROOT_CLASS = YES_ERROR;
				CLANG_WARN_RANGE_LOOP_ANALYSIS = YES;
				CLANG_WARN_STRICT_PROTOTYPES = YES;
				CLANG_WARN_SUSPICIOUS_MOVE = YES;
				CLANG_WARN_UNGUARDED_AVAILABILITY = YES_AGGRESSIVE;
				CLANG_WARN_UNREACHABLE_CODE = YES;
				CLANG_WARN__DUPLICATE_METHOD_MATCH = YES;
				CODE_SIGN_IDENTITY = "iPhone Developer";
				COPY_PHASE_STRIP = NO;
				DEBUG_INFORMATION_FORMAT = dwarf;
				ENABLE_STRICT_OBJC_MSGSEND = YES;
				ENABLE_TESTABILITY = YES;
				GCC_C_LANGUAGE_STANDARD = gnu11;
				GCC_DYNAMIC_NO_PIC = NO;
				GCC_NO_COMMON_BLOCKS = YES;
				GCC_OPTIMIZATION_LEVEL = 0;
				GCC_PREPROCESSOR_DEFINITIONS = (
					"DEBUG=1",
					"$(inherited)",
				);
				GCC_WARN_64_TO_32_BIT_CONVERSION = YES;
				GCC_WARN_ABOUT_RETURN_TYPE = YES_ERROR;
				GCC_WARN_UNDECLARED_SELECTOR = YES;
				GCC_WARN_UNINITIALIZED_AUTOS = YES_AGGRESSIVE;
				GCC_WARN_UNUSED_FUNCTION = YES;
				GCC_WARN_UNUSED_VARIABLE = YES;
				IPHONEOS_DEPLOYMENT_TARGET = 11.4;
				MTL_ENABLE_DEBUG_INFO = YES;
				ONLY_ACTIVE_ARCH = YES;
				SDKROOT = iphoneos;
				SWIFT_ACTIVE_COMPILATION_CONDITIONS = DEBUG;
				SWIFT_OPTIMIZATION_LEVEL = "-Onone";
			};
			name = Debug;
		};
		C115A32321353103009A10C7 /* Release */ = {
			isa = XCBuildConfiguration;
			buildSettings = {
				ALWAYS_SEARCH_USER_PATHS = NO;
				CLANG_ANALYZER_NONNULL = YES;
				CLANG_ANALYZER_NUMBER_OBJECT_CONVERSION = YES_AGGRESSIVE;
				CLANG_CXX_LANGUAGE_STANDARD = "gnu++14";
				CLANG_CXX_LIBRARY = "libc++";
				CLANG_ENABLE_MODULES = YES;
				CLANG_ENABLE_OBJC_ARC = YES;
				CLANG_ENABLE_OBJC_WEAK = YES;
				CLANG_WARN_BLOCK_CAPTURE_AUTORELEASING = YES;
				CLANG_WARN_BOOL_CONVERSION = YES;
				CLANG_WARN_COMMA = YES;
				CLANG_WARN_CONSTANT_CONVERSION = YES;
				CLANG_WARN_DEPRECATED_OBJC_IMPLEMENTATIONS = YES;
				CLANG_WARN_DIRECT_OBJC_ISA_USAGE = YES_ERROR;
				CLANG_WARN_DOCUMENTATION_COMMENTS = YES;
				CLANG_WARN_EMPTY_BODY = YES;
				CLANG_WARN_ENUM_CONVERSION = YES;
				CLANG_WARN_INFINITE_RECURSION = YES;
				CLANG_WARN_INT_CONVERSION = YES;
				CLANG_WARN_NON_LITERAL_NULL_CONVERSION = YES;
				CLANG_WARN_OBJC_IMPLICIT_RETAIN_SELF = YES;
				CLANG_WARN_OBJC_LITERAL_CONVERSION = YES;
				CLANG_WARN_OBJC_ROOT_CLASS = YES_ERROR;
				CLANG_WARN_RANGE_LOOP_ANALYSIS = YES;
				CLANG_WARN_STRICT_PROTOTYPES = YES;
				CLANG_WARN_SUSPICIOUS_MOVE = YES;
				CLANG_WARN_UNGUARDED_AVAILABILITY = YES_AGGRESSIVE;
				CLANG_WARN_UNREACHABLE_CODE = YES;
				CLANG_WARN__DUPLICATE_METHOD_MATCH = YES;
				CODE_SIGN_IDENTITY = "iPhone Developer";
				COPY_PHASE_STRIP = NO;
				DEBUG_INFORMATION_FORMAT = "dwarf-with-dsym";
				ENABLE_NS_ASSERTIONS = NO;
				ENABLE_STRICT_OBJC_MSGSEND = YES;
				GCC_C_LANGUAGE_STANDARD = gnu11;
				GCC_NO_COMMON_BLOCKS = YES;
				GCC_WARN_64_TO_32_BIT_CONVERSION = YES;
				GCC_WARN_ABOUT_RETURN_TYPE = YES_ERROR;
				GCC_WARN_UNDECLARED_SELECTOR = YES;
				GCC_WARN_UNINITIALIZED_AUTOS = YES_AGGRESSIVE;
				GCC_WARN_UNUSED_FUNCTION = YES;
				GCC_WARN_UNUSED_VARIABLE = YES;
				IPHONEOS_DEPLOYMENT_TARGET = 11.4;
				MTL_ENABLE_DEBUG_INFO = NO;
				SDKROOT = iphoneos;
				SWIFT_COMPILATION_MODE = wholemodule;
				SWIFT_OPTIMIZATION_LEVEL = "-O";
				VALIDATE_PRODUCT = YES;
			};
			name = Release;
		};
		C115A32521353103009A10C7 /* Debug */ = {
			isa = XCBuildConfiguration;
			baseConfigurationReference = 06EB67C42C8BC7059EDE0FDF /* Pods-Corgi App.debug.xcconfig */;
			buildSettings = {
				ASSETCATALOG_COMPILER_APPICON_NAME = AppIcon;
				CODE_SIGN_STYLE = Automatic;
				DEVELOPMENT_TEAM = C5S74JC2ZC;
				INFOPLIST_FILE = "$(SRCROOT)/Corgi App/SupportFiles/Info.plist";
				LD_RUNPATH_SEARCH_PATHS = (
					"$(inherited)",
					"@executable_path/Frameworks",
				);
				PRODUCT_BUNDLE_IDENTIFIER = "Corgi-App.Corgi-App";
				PRODUCT_NAME = "$(TARGET_NAME)";
				SWIFT_VERSION = 4.0;
				TARGETED_DEVICE_FAMILY = 1;
			};
			name = Debug;
		};
		C115A32621353103009A10C7 /* Release */ = {
			isa = XCBuildConfiguration;
			baseConfigurationReference = F27F9739F2427D570ED9EC9A /* Pods-Corgi App.release.xcconfig */;
			buildSettings = {
				ASSETCATALOG_COMPILER_APPICON_NAME = AppIcon;
				CODE_SIGN_STYLE = Automatic;
				DEVELOPMENT_TEAM = C5S74JC2ZC;
				INFOPLIST_FILE = "$(SRCROOT)/Corgi App/SupportFiles/Info.plist";
				LD_RUNPATH_SEARCH_PATHS = (
					"$(inherited)",
					"@executable_path/Frameworks",
				);
				PRODUCT_BUNDLE_IDENTIFIER = "Corgi-App.Corgi-App";
				PRODUCT_NAME = "$(TARGET_NAME)";
				SWIFT_VERSION = 4.0;
				TARGETED_DEVICE_FAMILY = 1;
			};
			name = Release;
		};
		C115A32821353103009A10C7 /* Debug */ = {
			isa = XCBuildConfiguration;
			baseConfigurationReference = 1BBCD1395CF3E50A50A7D59F /* Pods-Corgi AppTests.debug.xcconfig */;
			buildSettings = {
				ALWAYS_EMBED_SWIFT_STANDARD_LIBRARIES = YES;
				BUNDLE_LOADER = "$(TEST_HOST)";
				CODE_SIGN_STYLE = Automatic;
				DEVELOPMENT_TEAM = C5S74JC2ZC;
				INFOPLIST_FILE = "Corgi AppTests/Info.plist";
				LD_RUNPATH_SEARCH_PATHS = (
					"$(inherited)",
					"@executable_path/Frameworks",
					"@loader_path/Frameworks",
				);
				PRODUCT_BUNDLE_IDENTIFIER = "------------------.Corgi-AppTests";
				PRODUCT_NAME = "$(TARGET_NAME)";
				SWIFT_VERSION = 4.0;
				TARGETED_DEVICE_FAMILY = "1,2";
				TEST_HOST = "$(BUILT_PRODUCTS_DIR)/Corgi App.app/Corgi App";
			};
			name = Debug;
		};
		C115A32921353103009A10C7 /* Release */ = {
			isa = XCBuildConfiguration;
			baseConfigurationReference = 6623E351DBE42C45CEA84A06 /* Pods-Corgi AppTests.release.xcconfig */;
			buildSettings = {
				ALWAYS_EMBED_SWIFT_STANDARD_LIBRARIES = YES;
				BUNDLE_LOADER = "$(TEST_HOST)";
				CODE_SIGN_STYLE = Automatic;
				DEVELOPMENT_TEAM = C5S74JC2ZC;
				INFOPLIST_FILE = "Corgi AppTests/Info.plist";
				LD_RUNPATH_SEARCH_PATHS = (
					"$(inherited)",
					"@executable_path/Frameworks",
					"@loader_path/Frameworks",
				);
				PRODUCT_BUNDLE_IDENTIFIER = "------------------.Corgi-AppTests";
				PRODUCT_NAME = "$(TARGET_NAME)";
				SWIFT_VERSION = 4.0;
				TARGETED_DEVICE_FAMILY = "1,2";
				TEST_HOST = "$(BUILT_PRODUCTS_DIR)/Corgi App.app/Corgi App";
			};
			name = Release;
		};
		C115A32B21353103009A10C7 /* Debug */ = {
			isa = XCBuildConfiguration;
			baseConfigurationReference = 2AFECD366865FAD4D381C077 /* Pods-Corgi AppUITests.debug.xcconfig */;
			buildSettings = {
				ALWAYS_EMBED_SWIFT_STANDARD_LIBRARIES = YES;
				CODE_SIGN_STYLE = Automatic;
				DEVELOPMENT_TEAM = C5S74JC2ZC;
				INFOPLIST_FILE = "Corgi AppUITests/Info.plist";
				LD_RUNPATH_SEARCH_PATHS = (
					"$(inherited)",
					"@executable_path/Frameworks",
					"@loader_path/Frameworks",
				);
				PRODUCT_BUNDLE_IDENTIFIER = "------------------.Corgi-AppUITests";
				PRODUCT_NAME = "$(TARGET_NAME)";
				SWIFT_VERSION = 4.0;
				TARGETED_DEVICE_FAMILY = "1,2";
				TEST_TARGET_NAME = "Corgi App";
			};
			name = Debug;
		};
		C115A32C21353103009A10C7 /* Release */ = {
			isa = XCBuildConfiguration;
			baseConfigurationReference = E329C4EE8E843AB89B848C4F /* Pods-Corgi AppUITests.release.xcconfig */;
			buildSettings = {
				ALWAYS_EMBED_SWIFT_STANDARD_LIBRARIES = YES;
				CODE_SIGN_STYLE = Automatic;
				DEVELOPMENT_TEAM = C5S74JC2ZC;
				INFOPLIST_FILE = "Corgi AppUITests/Info.plist";
				LD_RUNPATH_SEARCH_PATHS = (
					"$(inherited)",
					"@executable_path/Frameworks",
					"@loader_path/Frameworks",
				);
				PRODUCT_BUNDLE_IDENTIFIER = "------------------.Corgi-AppUITests";
				PRODUCT_NAME = "$(TARGET_NAME)";
				SWIFT_VERSION = 4.0;
				TARGETED_DEVICE_FAMILY = "1,2";
				TEST_TARGET_NAME = "Corgi App";
			};
			name = Release;
		};
/* End XCBuildConfiguration section */

/* Begin XCConfigurationList section */
		C115A2F721353101009A10C7 /* Build configuration list for PBXProject "Corgi App" */ = {
			isa = XCConfigurationList;
			buildConfigurations = (
				C115A32221353103009A10C7 /* Debug */,
				C115A32321353103009A10C7 /* Release */,
			);
			defaultConfigurationIsVisible = 0;
			defaultConfigurationName = Release;
		};
		C115A32421353103009A10C7 /* Build configuration list for PBXNativeTarget "Corgi App" */ = {
			isa = XCConfigurationList;
			buildConfigurations = (
				C115A32521353103009A10C7 /* Debug */,
				C115A32621353103009A10C7 /* Release */,
			);
			defaultConfigurationIsVisible = 0;
			defaultConfigurationName = Release;
		};
		C115A32721353103009A10C7 /* Build configuration list for PBXNativeTarget "Corgi AppTests" */ = {
			isa = XCConfigurationList;
			buildConfigurations = (
				C115A32821353103009A10C7 /* Debug */,
				C115A32921353103009A10C7 /* Release */,
			);
			defaultConfigurationIsVisible = 0;
			defaultConfigurationName = Release;
		};
		C115A32A21353103009A10C7 /* Build configuration list for PBXNativeTarget "Corgi AppUITests" */ = {
			isa = XCConfigurationList;
			buildConfigurations = (
				C115A32B21353103009A10C7 /* Debug */,
				C115A32C21353103009A10C7 /* Release */,
			);
			defaultConfigurationIsVisible = 0;
			defaultConfigurationName = Release;
		};
/* End XCConfigurationList section */
	};
	rootObject = C115A2F421353101009A10C7 /* Project object */;
}
