// !$*UTF8*$!
{
	archiveVersion = 1;
	classes = {
	};
	objectVersion = 50;
	objects = {

/* Begin PBXBuildFile section */
		767FFD5AEA0759DA8EE6A98F /* Pods_Corgi_App.framework in Frameworks */ = {isa = PBXBuildFile; fileRef = 8F01C355905D94A0B3007BD8 /* Pods_Corgi_App.framework */; };
		C1C4952621984A0B00C5B6CC /* AppDelegate.swift in Sources */ = {isa = PBXBuildFile; fileRef = C1C4952521984A0B00C5B6CC /* AppDelegate.swift */; };
		C1C4953021984A0C00C5B6CC /* Assets.xcassets in Resources */ = {isa = PBXBuildFile; fileRef = C1C4952F21984A0C00C5B6CC /* Assets.xcassets */; };
		C1C4953321984A0C00C5B6CC /* LaunchScreen.storyboard in Resources */ = {isa = PBXBuildFile; fileRef = C1C4953121984A0C00C5B6CC /* LaunchScreen.storyboard */; };
		C1C4953B21984E0F00C5B6CC /* GoogleService-Info.plist in Resources */ = {isa = PBXBuildFile; fileRef = C1C4953A21984E0F00C5B6CC /* GoogleService-Info.plist */; };
		C1C495772198509500C5B6CC /* Main.storyboard in Resources */ = {isa = PBXBuildFile; fileRef = C1C495762198509500C5B6CC /* Main.storyboard */; };
		C1C4957C219850E000C5B6CC /* Slide.swift in Sources */ = {isa = PBXBuildFile; fileRef = C1C49579219850E000C5B6CC /* Slide.swift */; };
		C1C4957D219850E000C5B6CC /* Slide.xib in Resources */ = {isa = PBXBuildFile; fileRef = C1C4957A219850E000C5B6CC /* Slide.xib */; };
		C1C4957E219850E000C5B6CC /* FirstLaunchController.swift in Sources */ = {isa = PBXBuildFile; fileRef = C1C4957B219850E000C5B6CC /* FirstLaunchController.swift */; };
		C1C495852198514C00C5B6CC /* AticleDetailViewController.swift in Sources */ = {isa = PBXBuildFile; fileRef = C1C495802198514C00C5B6CC /* AticleDetailViewController.swift */; };
		C1C495862198514C00C5B6CC /* AticleModel.swift in Sources */ = {isa = PBXBuildFile; fileRef = C1C495812198514C00C5B6CC /* AticleModel.swift */; };
		C1C495872198514C00C5B6CC /* ArcticleTableViewCell.swift in Sources */ = {isa = PBXBuildFile; fileRef = C1C495822198514C00C5B6CC /* ArcticleTableViewCell.swift */; };
		C1C495882198514C00C5B6CC /* AticlesViewController.swift in Sources */ = {isa = PBXBuildFile; fileRef = C1C495832198514C00C5B6CC /* AticlesViewController.swift */; };
		C1C495892198514C00C5B6CC /* AticlesTableViewController.swift in Sources */ = {isa = PBXBuildFile; fileRef = C1C495842198514C00C5B6CC /* AticlesTableViewController.swift */; };
		C1C4958E2198519100C5B6CC /* FavoriteModel.xcdatamodeld in Sources */ = {isa = PBXBuildFile; fileRef = C1C4958B2198519000C5B6CC /* FavoriteModel.xcdatamodeld */; };
		C1C4958F2198519100C5B6CC /* FavoriteTableViewController.swift in Sources */ = {isa = PBXBuildFile; fileRef = C1C4958D2198519000C5B6CC /* FavoriteTableViewController.swift */; };
		C1C495B72198525700C5B6CC /* Extension.swift in Sources */ = {isa = PBXBuildFile; fileRef = C1C495B32198525600C5B6CC /* Extension.swift */; };
		C1C495B92198525700C5B6CC /* CustomAlert.swift in Sources */ = {isa = PBXBuildFile; fileRef = C1C495B52198525600C5B6CC /* CustomAlert.swift */; };
		C1C495BA2198525700C5B6CC /* FireBaseManager.swift in Sources */ = {isa = PBXBuildFile; fileRef = C1C495B62198525600C5B6CC /* FireBaseManager.swift */; };
		C1C495C1219852C600C5B6CC /* MainViewController.swift in Sources */ = {isa = PBXBuildFile; fileRef = C1C495BB219852C500C5B6CC /* MainViewController.swift */; };
		C1C495C3219852C600C5B6CC /* LogInMenuViewController.swift in Sources */ = {isa = PBXBuildFile; fileRef = C1C495BD219852C600C5B6CC /* LogInMenuViewController.swift */; };
		C1C495C5219852C600C5B6CC /* RegistrationViewController.swift in Sources */ = {isa = PBXBuildFile; fileRef = C1C495BF219852C600C5B6CC /* RegistrationViewController.swift */; };
		C1C495C6219852C600C5B6CC /* UserModel.swift in Sources */ = {isa = PBXBuildFile; fileRef = C1C495C0219852C600C5B6CC /* UserModel.swift */; };
/* End PBXBuildFile section */

/* Begin PBXFileReference section */
		0FF23A3CDFFF56297776589D /* Pods-Corgi App.release.xcconfig */ = {isa = PBXFileReference; includeInIndex = 1; lastKnownFileType = text.xcconfig; name = "Pods-Corgi App.release.xcconfig"; path = "Pods/Target Support Files/Pods-Corgi App/Pods-Corgi App.release.xcconfig"; sourceTree = "<group>"; };
		8F01C355905D94A0B3007BD8 /* Pods_Corgi_App.framework */ = {isa = PBXFileReference; explicitFileType = wrapper.framework; includeInIndex = 0; path = Pods_Corgi_App.framework; sourceTree = BUILT_PRODUCTS_DIR; };
		C1C4952221984A0B00C5B6CC /* Corgi App.app */ = {isa = PBXFileReference; explicitFileType = wrapper.application; includeInIndex = 0; path = "Corgi App.app"; sourceTree = BUILT_PRODUCTS_DIR; };
		C1C4952521984A0B00C5B6CC /* AppDelegate.swift */ = {isa = PBXFileReference; lastKnownFileType = sourcecode.swift; path = AppDelegate.swift; sourceTree = "<group>"; };
		C1C4952F21984A0C00C5B6CC /* Assets.xcassets */ = {isa = PBXFileReference; lastKnownFileType = folder.assetcatalog; path = Assets.xcassets; sourceTree = "<group>"; };
		C1C4953221984A0C00C5B6CC /* Base */ = {isa = PBXFileReference; lastKnownFileType = file.storyboard; name = Base; path = Base.lproj/LaunchScreen.storyboard; sourceTree = "<group>"; };
		C1C4953421984A0C00C5B6CC /* Info.plist */ = {isa = PBXFileReference; lastKnownFileType = text.plist.xml; path = Info.plist; sourceTree = "<group>"; };
		C1C4953A21984E0F00C5B6CC /* GoogleService-Info.plist */ = {isa = PBXFileReference; fileEncoding = 4; lastKnownFileType = text.plist.xml; name = "GoogleService-Info.plist"; path = "../../CorgiApp/GoogleService-Info.plist"; sourceTree = "<group>"; };
		C1C495762198509500C5B6CC /* Main.storyboard */ = {isa = PBXFileReference; fileEncoding = 4; lastKnownFileType = file.storyboard; path = Main.storyboard; sourceTree = "<group>"; };
		C1C49579219850E000C5B6CC /* Slide.swift */ = {isa = PBXFileReference; fileEncoding = 4; lastKnownFileType = sourcecode.swift; path = Slide.swift; sourceTree = "<group>"; };
		C1C4957A219850E000C5B6CC /* Slide.xib */ = {isa = PBXFileReference; fileEncoding = 4; lastKnownFileType = file.xib; path = Slide.xib; sourceTree = "<group>"; };
		C1C4957B219850E000C5B6CC /* FirstLaunchController.swift */ = {isa = PBXFileReference; fileEncoding = 4; lastKnownFileType = sourcecode.swift; path = FirstLaunchController.swift; sourceTree = "<group>"; };
		C1C495802198514C00C5B6CC /* AticleDetailViewController.swift */ = {isa = PBXFileReference; fileEncoding = 4; lastKnownFileType = sourcecode.swift; path = AticleDetailViewController.swift; sourceTree = "<group>"; };
		C1C495812198514C00C5B6CC /* AticleModel.swift */ = {isa = PBXFileReference; fileEncoding = 4; lastKnownFileType = sourcecode.swift; path = AticleModel.swift; sourceTree = "<group>"; };
		C1C495822198514C00C5B6CC /* ArcticleTableViewCell.swift */ = {isa = PBXFileReference; fileEncoding = 4; lastKnownFileType = sourcecode.swift; path = ArcticleTableViewCell.swift; sourceTree = "<group>"; };
		C1C495832198514C00C5B6CC /* AticlesViewController.swift */ = {isa = PBXFileReference; fileEncoding = 4; lastKnownFileType = sourcecode.swift; path = AticlesViewController.swift; sourceTree = "<group>"; };
		C1C495842198514C00C5B6CC /* AticlesTableViewController.swift */ = {isa = PBXFileReference; fileEncoding = 4; lastKnownFileType = sourcecode.swift; path = AticlesTableViewController.swift; sourceTree = "<group>"; };
		C1C4958C2198519000C5B6CC /* FavoriteModel.xcdatamodel */ = {isa = PBXFileReference; lastKnownFileType = wrapper.xcdatamodel; path = FavoriteModel.xcdatamodel; sourceTree = "<group>"; };
		C1C4958D2198519000C5B6CC /* FavoriteTableViewController.swift */ = {isa = PBXFileReference; fileEncoding = 4; lastKnownFileType = sourcecode.swift; path = FavoriteTableViewController.swift; sourceTree = "<group>"; };
		C1C495952198521500C5B6CC /* SF-Pro-Display-HeavyItalic.otf */ = {isa = PBXFileReference; lastKnownFileType = file; path = "SF-Pro-Display-HeavyItalic.otf"; sourceTree = "<group>"; };
		C1C495962198521500C5B6CC /* SF-Pro-Display-Thin.otf */ = {isa = PBXFileReference; lastKnownFileType = file; path = "SF-Pro-Display-Thin.otf"; sourceTree = "<group>"; };
		C1C495972198521500C5B6CC /* SF-Pro-Display-ThinItalic.otf */ = {isa = PBXFileReference; lastKnownFileType = file; path = "SF-Pro-Display-ThinItalic.otf"; sourceTree = "<group>"; };
		C1C495982198521500C5B6CC /* SF-Pro-Text-Semibold.otf */ = {isa = PBXFileReference; lastKnownFileType = file; path = "SF-Pro-Text-Semibold.otf"; sourceTree = "<group>"; };
		C1C495992198521500C5B6CC /* SF-Pro-Text-SemiboldItalic.otf */ = {isa = PBXFileReference; lastKnownFileType = file; path = "SF-Pro-Text-SemiboldItalic.otf"; sourceTree = "<group>"; };
		C1C4959A2198521500C5B6CC /* SF-Pro-Display-Black.otf */ = {isa = PBXFileReference; lastKnownFileType = file; path = "SF-Pro-Display-Black.otf"; sourceTree = "<group>"; };
		C1C4959B2198521500C5B6CC /* SF-Pro-Text-BoldItalic.otf */ = {isa = PBXFileReference; lastKnownFileType = file; path = "SF-Pro-Text-BoldItalic.otf"; sourceTree = "<group>"; };
		C1C4959C2198521500C5B6CC /* SF-Pro-Text-Light.otf */ = {isa = PBXFileReference; lastKnownFileType = file; path = "SF-Pro-Text-Light.otf"; sourceTree = "<group>"; };
		C1C4959D2198521500C5B6CC /* SF-Pro-Text-HeavyItalic.otf */ = {isa = PBXFileReference; lastKnownFileType = file; path = "SF-Pro-Text-HeavyItalic.otf"; sourceTree = "<group>"; };
		C1C4959E2198521500C5B6CC /* SF-Pro-Display-Medium.otf */ = {isa = PBXFileReference; lastKnownFileType = file; path = "SF-Pro-Display-Medium.otf"; sourceTree = "<group>"; };
		C1C4959F2198521600C5B6CC /* SF-Pro-Text-Regular.otf */ = {isa = PBXFileReference; lastKnownFileType = file; path = "SF-Pro-Text-Regular.otf"; sourceTree = "<group>"; };
		C1C495A02198521600C5B6CC /* SF-Pro-Display-Light.otf */ = {isa = PBXFileReference; lastKnownFileType = file; path = "SF-Pro-Display-Light.otf"; sourceTree = "<group>"; };
		C1C495A12198521600C5B6CC /* SF-Pro-Display-Bold.otf */ = {isa = PBXFileReference; lastKnownFileType = file; path = "SF-Pro-Display-Bold.otf"; sourceTree = "<group>"; };
		C1C495A22198521600C5B6CC /* SF-Pro-Display-BlackItalic.otf */ = {isa = PBXFileReference; lastKnownFileType = file; path = "SF-Pro-Display-BlackItalic.otf"; sourceTree = "<group>"; };
		C1C495A32198521600C5B6CC /* SF-Pro-Text-MediumItalic.otf */ = {isa = PBXFileReference; lastKnownFileType = file; path = "SF-Pro-Text-MediumItalic.otf"; sourceTree = "<group>"; };
		C1C495A42198521600C5B6CC /* SF-Pro-Text-Heavy.otf */ = {isa = PBXFileReference; lastKnownFileType = file; path = "SF-Pro-Text-Heavy.otf"; sourceTree = "<group>"; };
		C1C495A52198521600C5B6CC /* SF-Pro-Text-Medium.otf */ = {isa = PBXFileReference; lastKnownFileType = file; path = "SF-Pro-Text-Medium.otf"; sourceTree = "<group>"; };
		C1C495A62198521600C5B6CC /* SF-Pro-Display-LightItalic.otf */ = {isa = PBXFileReference; lastKnownFileType = file; path = "SF-Pro-Display-LightItalic.otf"; sourceTree = "<group>"; };
		C1C495A72198521600C5B6CC /* SF-Pro-Display-RegularItalic.otf */ = {isa = PBXFileReference; lastKnownFileType = file; path = "SF-Pro-Display-RegularItalic.otf"; sourceTree = "<group>"; };
		C1C495A82198521700C5B6CC /* SF-Pro-Display-MediumItalic.otf */ = {isa = PBXFileReference; lastKnownFileType = file; path = "SF-Pro-Display-MediumItalic.otf"; sourceTree = "<group>"; };
		C1C495A92198521700C5B6CC /* SF-Pro-Display-BoldItalic.otf */ = {isa = PBXFileReference; lastKnownFileType = file; path = "SF-Pro-Display-BoldItalic.otf"; sourceTree = "<group>"; };
		C1C495AA2198521700C5B6CC /* SF-Pro-Text-LightItalic.otf */ = {isa = PBXFileReference; lastKnownFileType = file; path = "SF-Pro-Text-LightItalic.otf"; sourceTree = "<group>"; };
		C1C495AB2198521700C5B6CC /* SF-Pro-Text-Bold.otf */ = {isa = PBXFileReference; lastKnownFileType = file; path = "SF-Pro-Text-Bold.otf"; sourceTree = "<group>"; };
		C1C495AC2198521800C5B6CC /* SF-Pro-Display-Ultralight.otf */ = {isa = PBXFileReference; lastKnownFileType = file; path = "SF-Pro-Display-Ultralight.otf"; sourceTree = "<group>"; };
		C1C495AD2198521800C5B6CC /* SF-Pro-Display-SemiboldItalic.otf */ = {isa = PBXFileReference; lastKnownFileType = file; path = "SF-Pro-Display-SemiboldItalic.otf"; sourceTree = "<group>"; };
		C1C495AE2198521800C5B6CC /* SF-Pro-Text-RegularItalic.otf */ = {isa = PBXFileReference; lastKnownFileType = file; path = "SF-Pro-Text-RegularItalic.otf"; sourceTree = "<group>"; };
		C1C495AF2198521800C5B6CC /* SF-Pro-Display-Regular.otf */ = {isa = PBXFileReference; lastKnownFileType = file; path = "SF-Pro-Display-Regular.otf"; sourceTree = "<group>"; };
		C1C495B02198521800C5B6CC /* SF-Pro-Display-UltralightItalic.otf */ = {isa = PBXFileReference; lastKnownFileType = file; path = "SF-Pro-Display-UltralightItalic.otf"; sourceTree = "<group>"; };
		C1C495B12198521800C5B6CC /* SF-Pro-Display-Heavy.otf */ = {isa = PBXFileReference; lastKnownFileType = file; path = "SF-Pro-Display-Heavy.otf"; sourceTree = "<group>"; };
		C1C495B32198525600C5B6CC /* Extension.swift */ = {isa = PBXFileReference; fileEncoding = 4; lastKnownFileType = sourcecode.swift; path = Extension.swift; sourceTree = "<group>"; };
		C1C495B52198525600C5B6CC /* CustomAlert.swift */ = {isa = PBXFileReference; fileEncoding = 4; lastKnownFileType = sourcecode.swift; path = CustomAlert.swift; sourceTree = "<group>"; };
		C1C495B62198525600C5B6CC /* FireBaseManager.swift */ = {isa = PBXFileReference; fileEncoding = 4; lastKnownFileType = sourcecode.swift; path = FireBaseManager.swift; sourceTree = "<group>"; };
		C1C495BB219852C500C5B6CC /* MainViewController.swift */ = {isa = PBXFileReference; fileEncoding = 4; lastKnownFileType = sourcecode.swift; path = MainViewController.swift; sourceTree = "<group>"; };
		C1C495BD219852C600C5B6CC /* LogInMenuViewController.swift */ = {isa = PBXFileReference; fileEncoding = 4; lastKnownFileType = sourcecode.swift; path = LogInMenuViewController.swift; sourceTree = "<group>"; };
		C1C495BF219852C600C5B6CC /* RegistrationViewController.swift */ = {isa = PBXFileReference; fileEncoding = 4; lastKnownFileType = sourcecode.swift; path = RegistrationViewController.swift; sourceTree = "<group>"; };
		C1C495C0219852C600C5B6CC /* UserModel.swift */ = {isa = PBXFileReference; fileEncoding = 4; lastKnownFileType = sourcecode.swift; path = UserModel.swift; sourceTree = "<group>"; };
		F323E3A98006283CDC82A0BB /* Pods-Corgi App.debug.xcconfig */ = {isa = PBXFileReference; includeInIndex = 1; lastKnownFileType = text.xcconfig; name = "Pods-Corgi App.debug.xcconfig"; path = "Pods/Target Support Files/Pods-Corgi App/Pods-Corgi App.debug.xcconfig"; sourceTree = "<group>"; };
/* End PBXFileReference section */

/* Begin PBXFrameworksBuildPhase section */
		C1C4951F21984A0B00C5B6CC /* Frameworks */ = {
			isa = PBXFrameworksBuildPhase;
			buildActionMask = 2147483647;
			files = (
				767FFD5AEA0759DA8EE6A98F /* Pods_Corgi_App.framework in Frameworks */,
			);
			runOnlyForDeploymentPostprocessing = 0;
		};
/* End PBXFrameworksBuildPhase section */

/* Begin PBXGroup section */
		71E36565CCA649849B660C60 /* Frameworks */ = {
			isa = PBXGroup;
			children = (
				8F01C355905D94A0B3007BD8 /* Pods_Corgi_App.framework */,
			);
			name = Frameworks;
			sourceTree = "<group>";
		};
		C1C4951921984A0B00C5B6CC = {
			isa = PBXGroup;
			children = (
				C1C4952421984A0B00C5B6CC /* Corgi App */,
				C1C4952321984A0B00C5B6CC /* Products */,
				F819A7D34A439D1141B55D50 /* Pods */,
				71E36565CCA649849B660C60 /* Frameworks */,
			);
			sourceTree = "<group>";
		};
		C1C4952321984A0B00C5B6CC /* Products */ = {
			isa = PBXGroup;
			children = (
				C1C4952221984A0B00C5B6CC /* Corgi App.app */,
			);
			name = Products;
			sourceTree = "<group>";
		};
		C1C4952421984A0B00C5B6CC /* Corgi App */ = {
			isa = PBXGroup;
			children = (
				C1C4953C21984E2A00C5B6CC /* Application */,
				C1C4958A2198519000C5B6CC /* Favorite */,
				C1C4957F2198514C00C5B6CC /* Aticles */,
				C1C49578219850E000C5B6CC /* FirstLaunchSlides */,
				C1C4957321984FF400C5B6CC /* Main */,
				C1C4953A21984E0F00C5B6CC /* GoogleService-Info.plist */,
				C1C495B22198525600C5B6CC /* Managers */,
				C1C495942198520700C5B6CC /* Fronts */,
				C1C4953D21984E8000C5B6CC /* Support Files */,
			);
			path = "Corgi App";
			sourceTree = "<group>";
		};
		C1C4953C21984E2A00C5B6CC /* Application */ = {
			isa = PBXGroup;
			children = (
				C1C4952521984A0B00C5B6CC /* AppDelegate.swift */,
				C1C4953121984A0C00C5B6CC /* LaunchScreen.storyboard */,
			);
			path = Application;
			sourceTree = "<group>";
		};
		C1C4953D21984E8000C5B6CC /* Support Files */ = {
			isa = PBXGroup;
			children = (
				C1C4952F21984A0C00C5B6CC /* Assets.xcassets */,
				C1C4953421984A0C00C5B6CC /* Info.plist */,
			);
			path = "Support Files";
			sourceTree = "<group>";
		};
		C1C4957321984FF400C5B6CC /* Main */ = {
			isa = PBXGroup;
			children = (
				C1C495BD219852C600C5B6CC /* LogInMenuViewController.swift */,
				C1C495BB219852C500C5B6CC /* MainViewController.swift */,
				C1C495BF219852C600C5B6CC /* RegistrationViewController.swift */,
				C1C495C0219852C600C5B6CC /* UserModel.swift */,
				C1C495762198509500C5B6CC /* Main.storyboard */,
			);
			path = Main;
			sourceTree = "<group>";
		};
		C1C49578219850E000C5B6CC /* FirstLaunchSlides */ = {
			isa = PBXGroup;
			children = (
				C1C49579219850E000C5B6CC /* Slide.swift */,
				C1C4957A219850E000C5B6CC /* Slide.xib */,
				C1C4957B219850E000C5B6CC /* FirstLaunchController.swift */,
			);
			path = FirstLaunchSlides;
			sourceTree = "<group>";
		};
		C1C4957F2198514C00C5B6CC /* Aticles */ = {
			isa = PBXGroup;
			children = (
				C1C495812198514C00C5B6CC /* AticleModel.swift */,
				C1C495832198514C00C5B6CC /* AticlesViewController.swift */,
				C1C495842198514C00C5B6CC /* AticlesTableViewController.swift */,
				C1C495822198514C00C5B6CC /* ArcticleTableViewCell.swift */,
				C1C495802198514C00C5B6CC /* AticleDetailViewController.swift */,
			);
			path = Aticles;
			sourceTree = "<group>";
		};
		C1C4958A2198519000C5B6CC /* Favorite */ = {
			isa = PBXGroup;
			children = (
				C1C4958B2198519000C5B6CC /* FavoriteModel.xcdatamodeld */,
				C1C4958D2198519000C5B6CC /* FavoriteTableViewController.swift */,
			);
			path = Favorite;
			sourceTree = "<group>";
		};
		C1C495942198520700C5B6CC /* Fronts */ = {
			isa = PBXGroup;
			children = (
				C1C4959A2198521500C5B6CC /* SF-Pro-Display-Black.otf */,
				C1C495A22198521600C5B6CC /* SF-Pro-Display-BlackItalic.otf */,
				C1C495A12198521600C5B6CC /* SF-Pro-Display-Bold.otf */,
				C1C495A92198521700C5B6CC /* SF-Pro-Display-BoldItalic.otf */,
				C1C495B12198521800C5B6CC /* SF-Pro-Display-Heavy.otf */,
				C1C495952198521500C5B6CC /* SF-Pro-Display-HeavyItalic.otf */,
				C1C495A02198521600C5B6CC /* SF-Pro-Display-Light.otf */,
				C1C495A62198521600C5B6CC /* SF-Pro-Display-LightItalic.otf */,
				C1C4959E2198521500C5B6CC /* SF-Pro-Display-Medium.otf */,
				C1C495A82198521700C5B6CC /* SF-Pro-Display-MediumItalic.otf */,
				C1C495AF2198521800C5B6CC /* SF-Pro-Display-Regular.otf */,
				C1C495A72198521600C5B6CC /* SF-Pro-Display-RegularItalic.otf */,
				C1C495AD2198521800C5B6CC /* SF-Pro-Display-SemiboldItalic.otf */,
				C1C495962198521500C5B6CC /* SF-Pro-Display-Thin.otf */,
				C1C495972198521500C5B6CC /* SF-Pro-Display-ThinItalic.otf */,
				C1C495AC2198521800C5B6CC /* SF-Pro-Display-Ultralight.otf */,
				C1C495B02198521800C5B6CC /* SF-Pro-Display-UltralightItalic.otf */,
				C1C495AB2198521700C5B6CC /* SF-Pro-Text-Bold.otf */,
				C1C4959B2198521500C5B6CC /* SF-Pro-Text-BoldItalic.otf */,
				C1C495A42198521600C5B6CC /* SF-Pro-Text-Heavy.otf */,
				C1C4959D2198521500C5B6CC /* SF-Pro-Text-HeavyItalic.otf */,
				C1C4959C2198521500C5B6CC /* SF-Pro-Text-Light.otf */,
				C1C495AA2198521700C5B6CC /* SF-Pro-Text-LightItalic.otf */,
				C1C495A52198521600C5B6CC /* SF-Pro-Text-Medium.otf */,
				C1C495A32198521600C5B6CC /* SF-Pro-Text-MediumItalic.otf */,
				C1C4959F2198521600C5B6CC /* SF-Pro-Text-Regular.otf */,
				C1C495AE2198521800C5B6CC /* SF-Pro-Text-RegularItalic.otf */,
				C1C495982198521500C5B6CC /* SF-Pro-Text-Semibold.otf */,
				C1C495992198521500C5B6CC /* SF-Pro-Text-SemiboldItalic.otf */,
			);
			path = Fronts;
			sourceTree = "<group>";
		};
		C1C495B22198525600C5B6CC /* Managers */ = {
			isa = PBXGroup;
			children = (
				C1C495B32198525600C5B6CC /* Extension.swift */,
				C1C495B52198525600C5B6CC /* CustomAlert.swift */,
				C1C495B62198525600C5B6CC /* FireBaseManager.swift */,
			);
			path = Managers;
			sourceTree = "<group>";
		};
		F819A7D34A439D1141B55D50 /* Pods */ = {
			isa = PBXGroup;
			children = (
				F323E3A98006283CDC82A0BB /* Pods-Corgi App.debug.xcconfig */,
				0FF23A3CDFFF56297776589D /* Pods-Corgi App.release.xcconfig */,
			);
			name = Pods;
			sourceTree = "<group>";
		};
/* End PBXGroup section */

/* Begin PBXNativeTarget section */
		C1C4952121984A0B00C5B6CC /* Corgi App */ = {
			isa = PBXNativeTarget;
			buildConfigurationList = C1C4953721984A0C00C5B6CC /* Build configuration list for PBXNativeTarget "Corgi App" */;
			buildPhases = (
				FF2795F558B96283CAEA5539 /* [CP] Check Pods Manifest.lock */,
				C1C4951E21984A0B00C5B6CC /* Sources */,
				C1C4951F21984A0B00C5B6CC /* Frameworks */,
				C1C4952021984A0B00C5B6CC /* Resources */,
				DFD6E9B77CC09462B8127639 /* [CP] Embed Pods Frameworks */,
			);
			buildRules = (
			);
			dependencies = (
			);
			name = "Corgi App";
			productName = "Corgi App";
			productReference = C1C4952221984A0B00C5B6CC /* Corgi App.app */;
			productType = "com.apple.product-type.application";
		};
/* End PBXNativeTarget section */

/* Begin PBXProject section */
		C1C4951A21984A0B00C5B6CC /* Project object */ = {
			isa = PBXProject;
			attributes = {
				LastSwiftUpdateCheck = 1010;
				LastUpgradeCheck = 1010;
				ORGANIZATIONNAME = "Александр Сахнюков";
				TargetAttributes = {
					C1C4952121984A0B00C5B6CC = {
						CreatedOnToolsVersion = 10.1;
					};
				};
			};
			buildConfigurationList = C1C4951D21984A0B00C5B6CC /* Build configuration list for PBXProject "Corgi App" */;
			compatibilityVersion = "Xcode 9.3";
			developmentRegion = en;
			hasScannedForEncodings = 0;
			knownRegions = (
				en,
				Base,
			);
			mainGroup = C1C4951921984A0B00C5B6CC;
			productRefGroup = C1C4952321984A0B00C5B6CC /* Products */;
			projectDirPath = "";
			projectRoot = "";
			targets = (
				C1C4952121984A0B00C5B6CC /* Corgi App */,
			);
		};
/* End PBXProject section */

/* Begin PBXResourcesBuildPhase section */
		C1C4952021984A0B00C5B6CC /* Resources */ = {
			isa = PBXResourcesBuildPhase;
			buildActionMask = 2147483647;
			files = (
				C1C4957D219850E000C5B6CC /* Slide.xib in Resources */,
				C1C4953321984A0C00C5B6CC /* LaunchScreen.storyboard in Resources */,
				C1C4953B21984E0F00C5B6CC /* GoogleService-Info.plist in Resources */,
				C1C4953021984A0C00C5B6CC /* Assets.xcassets in Resources */,
				C1C495772198509500C5B6CC /* Main.storyboard in Resources */,
			);
			runOnlyForDeploymentPostprocessing = 0;
		};
/* End PBXResourcesBuildPhase section */

/* Begin PBXShellScriptBuildPhase section */
		DFD6E9B77CC09462B8127639 /* [CP] Embed Pods Frameworks */ = {
			isa = PBXShellScriptBuildPhase;
			buildActionMask = 2147483647;
			files = (
			);
			inputPaths = (
				"${SRCROOT}/Pods/Target Support Files/Pods-Corgi App/Pods-Corgi App-frameworks.sh",
				"${BUILT_PRODUCTS_DIR}/BoringSSL/openssl.framework",
				"${BUILT_PRODUCTS_DIR}/GTMSessionFetcher/GTMSessionFetcher.framework",
				"${BUILT_PRODUCTS_DIR}/GoogleUtilities/GoogleUtilities.framework",
				"${BUILT_PRODUCTS_DIR}/IQKeyboardManagerSwift/IQKeyboardManagerSwift.framework",
				"${BUILT_PRODUCTS_DIR}/Protobuf/Protobuf.framework",
				"${BUILT_PRODUCTS_DIR}/SCLAlertView/SCLAlertView.framework",
				"${BUILT_PRODUCTS_DIR}/gRPC/GRPCClient.framework",
				"${BUILT_PRODUCTS_DIR}/gRPC-Core/grpc.framework",
				"${BUILT_PRODUCTS_DIR}/gRPC-ProtoRPC/ProtoRPC.framework",
				"${BUILT_PRODUCTS_DIR}/gRPC-RxLibrary/RxLibrary.framework",
				"${BUILT_PRODUCTS_DIR}/leveldb-library/leveldb.framework",
				"${BUILT_PRODUCTS_DIR}/nanopb/nanopb.framework",
			);
			name = "[CP] Embed Pods Frameworks";
			outputPaths = (
				"${TARGET_BUILD_DIR}/${FRAMEWORKS_FOLDER_PATH}/openssl.framework",
				"${TARGET_BUILD_DIR}/${FRAMEWORKS_FOLDER_PATH}/GTMSessionFetcher.framework",
				"${TARGET_BUILD_DIR}/${FRAMEWORKS_FOLDER_PATH}/GoogleUtilities.framework",
				"${TARGET_BUILD_DIR}/${FRAMEWORKS_FOLDER_PATH}/IQKeyboardManagerSwift.framework",
				"${TARGET_BUILD_DIR}/${FRAMEWORKS_FOLDER_PATH}/Protobuf.framework",
				"${TARGET_BUILD_DIR}/${FRAMEWORKS_FOLDER_PATH}/SCLAlertView.framework",
				"${TARGET_BUILD_DIR}/${FRAMEWORKS_FOLDER_PATH}/GRPCClient.framework",
				"${TARGET_BUILD_DIR}/${FRAMEWORKS_FOLDER_PATH}/grpc.framework",
				"${TARGET_BUILD_DIR}/${FRAMEWORKS_FOLDER_PATH}/ProtoRPC.framework",
				"${TARGET_BUILD_DIR}/${FRAMEWORKS_FOLDER_PATH}/RxLibrary.framework",
				"${TARGET_BUILD_DIR}/${FRAMEWORKS_FOLDER_PATH}/leveldb.framework",
				"${TARGET_BUILD_DIR}/${FRAMEWORKS_FOLDER_PATH}/nanopb.framework",
			);
			runOnlyForDeploymentPostprocessing = 0;
			shellPath = /bin/sh;
			shellScript = "\"${SRCROOT}/Pods/Target Support Files/Pods-Corgi App/Pods-Corgi App-frameworks.sh\"\n";
			showEnvVarsInLog = 0;
		};
		FF2795F558B96283CAEA5539 /* [CP] Check Pods Manifest.lock */ = {
			isa = PBXShellScriptBuildPhase;
			buildActionMask = 2147483647;
			files = (
			);
			inputPaths = (
				"${PODS_PODFILE_DIR_PATH}/Podfile.lock",
				"${PODS_ROOT}/Manifest.lock",
			);
			name = "[CP] Check Pods Manifest.lock";
			outputPaths = (
				"$(DERIVED_FILE_DIR)/Pods-Corgi App-checkManifestLockResult.txt",
			);
			runOnlyForDeploymentPostprocessing = 0;
			shellPath = /bin/sh;
			shellScript = "diff \"${PODS_PODFILE_DIR_PATH}/Podfile.lock\" \"${PODS_ROOT}/Manifest.lock\" > /dev/null\nif [ $? != 0 ] ; then\n    # print error to STDERR\n    echo \"error: The sandbox is not in sync with the Podfile.lock. Run 'pod install' or update your CocoaPods installation.\" >&2\n    exit 1\nfi\n# This output is used by Xcode 'outputs' to avoid re-running this script phase.\necho \"SUCCESS\" > \"${SCRIPT_OUTPUT_FILE_0}\"\n";
			showEnvVarsInLog = 0;
		};
/* End PBXShellScriptBuildPhase section */

/* Begin PBXSourcesBuildPhase section */
		C1C4951E21984A0B00C5B6CC /* Sources */ = {
			isa = PBXSourcesBuildPhase;
			buildActionMask = 2147483647;
			files = (
				C1C495BA2198525700C5B6CC /* FireBaseManager.swift in Sources */,
				C1C4952621984A0B00C5B6CC /* AppDelegate.swift in Sources */,
				C1C495C5219852C600C5B6CC /* RegistrationViewController.swift in Sources */,
				C1C495C3219852C600C5B6CC /* LogInMenuViewController.swift in Sources */,
				C1C495882198514C00C5B6CC /* AticlesViewController.swift in Sources */,
				C1C495862198514C00C5B6CC /* AticleModel.swift in Sources */,
				C1C4957E219850E000C5B6CC /* FirstLaunchController.swift in Sources */,
				C1C495B72198525700C5B6CC /* Extension.swift in Sources */,
				C1C495852198514C00C5B6CC /* AticleDetailViewController.swift in Sources */,
				C1C4958F2198519100C5B6CC /* FavoriteTableViewController.swift in Sources */,
				C1C495C1219852C600C5B6CC /* MainViewController.swift in Sources */,
				C1C495872198514C00C5B6CC /* ArcticleTableViewCell.swift in Sources */,
				C1C495892198514C00C5B6CC /* AticlesTableViewController.swift in Sources */,
				C1C495B92198525700C5B6CC /* CustomAlert.swift in Sources */,
				C1C4957C219850E000C5B6CC /* Slide.swift in Sources */,
				C1C495C6219852C600C5B6CC /* UserModel.swift in Sources */,
				C1C4958E2198519100C5B6CC /* FavoriteModel.xcdatamodeld in Sources */,
			);
			runOnlyForDeploymentPostprocessing = 0;
		};
/* End PBXSourcesBuildPhase section */

/* Begin PBXVariantGroup section */
		C1C4953121984A0C00C5B6CC /* LaunchScreen.storyboard */ = {
			isa = PBXVariantGroup;
			children = (
				C1C4953221984A0C00C5B6CC /* Base */,
			);
			name = LaunchScreen.storyboard;
			sourceTree = "<group>";
		};
/* End PBXVariantGroup section */

/* Begin XCBuildConfiguration section */
		C1C4953521984A0C00C5B6CC /* Debug */ = {
			isa = XCBuildConfiguration;
			buildSettings = {
				ALWAYS_SEARCH_USER_PATHS = NO;
				CLANG_ANALYZER_NONNULL = YES;
				CLANG_ANALYZER_NUMBER_OBJECT_CONVERSION = YES_AGGRESSIVE;
				CLANG_CXX_LANGUAGE_STANDARD = "gnu++14";
				CLANG_CXX_LIBRARY = "libc++";
				CLANG_ENABLE_MODULES = YES;
				CLANG_ENABLE_OBJC_ARC = YES;
				CLANG_ENABLE_OBJC_WEAK = YES;
				CLANG_WARN_BLOCK_CAPTURE_AUTORELEASING = YES;
				CLANG_WARN_BOOL_CONVERSION = YES;
				CLANG_WARN_COMMA = YES;
				CLANG_WARN_CONSTANT_CONVERSION = YES;
				CLANG_WARN_DEPRECATED_OBJC_IMPLEMENTATIONS = YES;
				CLANG_WARN_DIRECT_OBJC_ISA_USAGE = YES_ERROR;
				CLANG_WARN_DOCUMENTATION_COMMENTS = YES;
				CLANG_WARN_EMPTY_BODY = YES;
				CLANG_WARN_ENUM_CONVERSION = YES;
				CLANG_WARN_INFINITE_RECURSION = YES;
				CLANG_WARN_INT_CONVERSION = YES;
				CLANG_WARN_NON_LITERAL_NULL_CONVERSION = YES;
				CLANG_WARN_OBJC_IMPLICIT_RETAIN_SELF = YES;
				CLANG_WARN_OBJC_LITERAL_CONVERSION = YES;
				CLANG_WARN_OBJC_ROOT_CLASS = YES_ERROR;
				CLANG_WARN_RANGE_LOOP_ANALYSIS = YES;
				CLANG_WARN_STRICT_PROTOTYPES = YES;
				CLANG_WARN_SUSPICIOUS_MOVE = YES;
				CLANG_WARN_UNGUARDED_AVAILABILITY = YES_AGGRESSIVE;
				CLANG_WARN_UNREACHABLE_CODE = YES;
				CLANG_WARN__DUPLICATE_METHOD_MATCH = YES;
				CODE_SIGN_IDENTITY = "iPhone Developer";
				COPY_PHASE_STRIP = NO;
				DEBUG_INFORMATION_FORMAT = dwarf;
				ENABLE_STRICT_OBJC_MSGSEND = YES;
				ENABLE_TESTABILITY = YES;
				GCC_C_LANGUAGE_STANDARD = gnu11;
				GCC_DYNAMIC_NO_PIC = NO;
				GCC_NO_COMMON_BLOCKS = YES;
				GCC_OPTIMIZATION_LEVEL = 0;
				GCC_PREPROCESSOR_DEFINITIONS = (
					"DEBUG=1",
					"$(inherited)",
				);
				GCC_WARN_64_TO_32_BIT_CONVERSION = YES;
				GCC_WARN_ABOUT_RETURN_TYPE = YES_ERROR;
				GCC_WARN_UNDECLARED_SELECTOR = YES;
				GCC_WARN_UNINITIALIZED_AUTOS = YES_AGGRESSIVE;
				GCC_WARN_UNUSED_FUNCTION = YES;
				GCC_WARN_UNUSED_VARIABLE = YES;
				IPHONEOS_DEPLOYMENT_TARGET = 12.1;
				MTL_ENABLE_DEBUG_INFO = INCLUDE_SOURCE;
				MTL_FAST_MATH = YES;
				ONLY_ACTIVE_ARCH = YES;
				SDKROOT = iphoneos;
				SWIFT_ACTIVE_COMPILATION_CONDITIONS = DEBUG;
				SWIFT_OPTIMIZATION_LEVEL = "-Onone";
			};
			name = Debug;
		};
		C1C4953621984A0C00C5B6CC /* Release */ = {
			isa = XCBuildConfiguration;
			buildSettings = {
				ALWAYS_SEARCH_USER_PATHS = NO;
				CLANG_ANALYZER_NONNULL = YES;
				CLANG_ANALYZER_NUMBER_OBJECT_CONVERSION = YES_AGGRESSIVE;
				CLANG_CXX_LANGUAGE_STANDARD = "gnu++14";
				CLANG_CXX_LIBRARY = "libc++";
				CLANG_ENABLE_MODULES = YES;
				CLANG_ENABLE_OBJC_ARC = YES;
				CLANG_ENABLE_OBJC_WEAK = YES;
				CLANG_WARN_BLOCK_CAPTURE_AUTORELEASING = YES;
				CLANG_WARN_BOOL_CONVERSION = YES;
				CLANG_WARN_COMMA = YES;
				CLANG_WARN_CONSTANT_CONVERSION = YES;
				CLANG_WARN_DEPRECATED_OBJC_IMPLEMENTATIONS = YES;
				CLANG_WARN_DIRECT_OBJC_ISA_USAGE = YES_ERROR;
				CLANG_WARN_DOCUMENTATION_COMMENTS = YES;
				CLANG_WARN_EMPTY_BODY = YES;
				CLANG_WARN_ENUM_CONVERSION = YES;
				CLANG_WARN_INFINITE_RECURSION = YES;
				CLANG_WARN_INT_CONVERSION = YES;
				CLANG_WARN_NON_LITERAL_NULL_CONVERSION = YES;
				CLANG_WARN_OBJC_IMPLICIT_RETAIN_SELF = YES;
				CLANG_WARN_OBJC_LITERAL_CONVERSION = YES;
				CLANG_WARN_OBJC_ROOT_CLASS = YES_ERROR;
				CLANG_WARN_RANGE_LOOP_ANALYSIS = YES;
				CLANG_WARN_STRICT_PROTOTYPES = YES;
				CLANG_WARN_SUSPICIOUS_MOVE = YES;
				CLANG_WARN_UNGUARDED_AVAILABILITY = YES_AGGRESSIVE;
				CLANG_WARN_UNREACHABLE_CODE = YES;
				CLANG_WARN__DUPLICATE_METHOD_MATCH = YES;
				CODE_SIGN_IDENTITY = "iPhone Developer";
				COPY_PHASE_STRIP = NO;
				DEBUG_INFORMATION_FORMAT = "dwarf-with-dsym";
				ENABLE_NS_ASSERTIONS = NO;
				ENABLE_STRICT_OBJC_MSGSEND = YES;
				GCC_C_LANGUAGE_STANDARD = gnu11;
				GCC_NO_COMMON_BLOCKS = YES;
				GCC_WARN_64_TO_32_BIT_CONVERSION = YES;
				GCC_WARN_ABOUT_RETURN_TYPE = YES_ERROR;
				GCC_WARN_UNDECLARED_SELECTOR = YES;
				GCC_WARN_UNINITIALIZED_AUTOS = YES_AGGRESSIVE;
				GCC_WARN_UNUSED_FUNCTION = YES;
				GCC_WARN_UNUSED_VARIABLE = YES;
				IPHONEOS_DEPLOYMENT_TARGET = 12.1;
				MTL_ENABLE_DEBUG_INFO = NO;
				MTL_FAST_MATH = YES;
				SDKROOT = iphoneos;
				SWIFT_COMPILATION_MODE = wholemodule;
				SWIFT_OPTIMIZATION_LEVEL = "-O";
				VALIDATE_PRODUCT = YES;
			};
			name = Release;
		};
		C1C4953821984A0C00C5B6CC /* Debug */ = {
			isa = XCBuildConfiguration;
			baseConfigurationReference = F323E3A98006283CDC82A0BB /* Pods-Corgi App.debug.xcconfig */;
			buildSettings = {
				ASSETCATALOG_COMPILER_APPICON_NAME = AppIcon;
				CODE_SIGN_STYLE = Automatic;
				DEVELOPMENT_TEAM = C5S74JC2ZC;
				INFOPLIST_FILE = "$(SRCROOT)/Corgi App/Support Files/Info.plist";
				LD_RUNPATH_SEARCH_PATHS = (
					"$(inherited)",
					"@executable_path/Frameworks",
				);
				PRODUCT_BUNDLE_IDENTIFIER = "------------------.Corgi-App";
				PRODUCT_NAME = "$(TARGET_NAME)";
				SWIFT_VERSION = 4.2;
				TARGETED_DEVICE_FAMILY = 1;
			};
			name = Debug;
		};
		C1C4953921984A0C00C5B6CC /* Release */ = {
			isa = XCBuildConfiguration;
			baseConfigurationReference = 0FF23A3CDFFF56297776589D /* Pods-Corgi App.release.xcconfig */;
			buildSettings = {
				ASSETCATALOG_COMPILER_APPICON_NAME = AppIcon;
				CODE_SIGN_STYLE = Automatic;
				DEVELOPMENT_TEAM = C5S74JC2ZC;
				INFOPLIST_FILE = "$(SRCROOT)/Corgi App/Support Files/Info.plist";
				LD_RUNPATH_SEARCH_PATHS = (
					"$(inherited)",
					"@executable_path/Frameworks",
				);
				PRODUCT_BUNDLE_IDENTIFIER = "------------------.Corgi-App";
				PRODUCT_NAME = "$(TARGET_NAME)";
				SWIFT_VERSION = 4.2;
				TARGETED_DEVICE_FAMILY = 1;
			};
			name = Release;
		};
/* End XCBuildConfiguration section */

/* Begin XCConfigurationList section */
		C1C4951D21984A0B00C5B6CC /* Build configuration list for PBXProject "Corgi App" */ = {
			isa = XCConfigurationList;
			buildConfigurations = (
				C1C4953521984A0C00C5B6CC /* Debug */,
				C1C4953621984A0C00C5B6CC /* Release */,
			);
			defaultConfigurationIsVisible = 0;
			defaultConfigurationName = Release;
		};
		C1C4953721984A0C00C5B6CC /* Build configuration list for PBXNativeTarget "Corgi App" */ = {
			isa = XCConfigurationList;
			buildConfigurations = (
				C1C4953821984A0C00C5B6CC /* Debug */,
				C1C4953921984A0C00C5B6CC /* Release */,
			);
			defaultConfigurationIsVisible = 0;
			defaultConfigurationName = Release;
		};
/* End XCConfigurationList section */

/* Begin XCVersionGroup section */
		C1C4958B2198519000C5B6CC /* FavoriteModel.xcdatamodeld */ = {
			isa = XCVersionGroup;
			children = (
				C1C4958C2198519000C5B6CC /* FavoriteModel.xcdatamodel */,
			);
			currentVersion = C1C4958C2198519000C5B6CC /* FavoriteModel.xcdatamodel */;
			path = FavoriteModel.xcdatamodeld;
			sourceTree = "<group>";
			versionGroupType = wrapper.xcdatamodel;
		};
/* End XCVersionGroup section */
	};
	rootObject = C1C4951A21984A0B00C5B6CC /* Project object */;
}
